{
  "version": 4,
  "terraform_version": "1.7.4",
  "serial": 43,
  "lineage": "75043b6e-e30f-a796-7e93-03c45fe13262",
  "outputs": {
    "database_instance_name": {
      "value": "database-n01603642",
      "type": "string"
    },
    "loadbalancer": {
      "value": "n01603642-loadbalancer",
      "type": "string"
    },
    "loadbalancer-ip": {
      "value": "52.233.61.46",
      "type": "string"
    },
    "log_analytics_workspace_name": {
      "value": "n01603642-law",
      "type": "string"
    },
    "recovery_services_vault_name": {
      "value": "n01603642-rsv",
      "type": "string"
    },
    "resource_group_name": {
      "value": "n01603642-rg",
      "type": "string"
    },
    "storage_account_name": {
      "value": "tfstaten01603642sa5272",
      "type": "string"
    },
    "subnet_name": {
      "value": "n01603642-subnet",
      "type": "string"
    },
    "virtual_network_name": {
      "value": "n01603642-vnet",
      "type": "string"
    },
    "vmlinux-fqdn": {
      "value": [
        "n01603642-linux1.canadacentral.cloudapp.azure.com",
        "n01603642-linux2.canadacentral.cloudapp.azure.com",
        "n01603642-linux3.canadacentral.cloudapp.azure.com"
      ],
      "type": [
        "tuple",
        [
          "string",
          "string",
          "string"
        ]
      ]
    },
    "vmlinux-hostname": {
      "value": {
        "hostnames": [
          "n01603642-linux-1",
          "n01603642-linux-2",
          "n01603642-linux-3"
        ],
        "ids": [
          "/subscriptions/cc5410f6-a653-4888-8148-84d64421a390/resourceGroups/n01603642-rg/providers/Microsoft.Compute/virtualMachines/n01603642-linux-1",
          "/subscriptions/cc5410f6-a653-4888-8148-84d64421a390/resourceGroups/n01603642-rg/providers/Microsoft.Compute/virtualMachines/n01603642-linux-2",
          "/subscriptions/cc5410f6-a653-4888-8148-84d64421a390/resourceGroups/n01603642-rg/providers/Microsoft.Compute/virtualMachines/n01603642-linux-3"
        ],
        "nic-ids": [
          "/subscriptions/cc5410f6-a653-4888-8148-84d64421a390/resourceGroups/n01603642-rg/providers/Microsoft.Network/networkInterfaces/n01603642-linux-nic-1",
          "/subscriptions/cc5410f6-a653-4888-8148-84d64421a390/resourceGroups/n01603642-rg/providers/Microsoft.Network/networkInterfaces/n01603642-linux-nic-2",
          "/subscriptions/cc5410f6-a653-4888-8148-84d64421a390/resourceGroups/n01603642-rg/providers/Microsoft.Network/networkInterfaces/n01603642-linux-nic-3"
        ]
      },
      "type": [
        "object",
        {
          "hostnames": [
            "tuple",
            [
              "string",
              "string",
              "string"
            ]
          ],
          "ids": [
            "tuple",
            [
              "string",
              "string",
              "string"
            ]
          ],
          "nic-ids": [
            "tuple",
            [
              "string",
              "string",
              "string"
            ]
          ]
        }
      ]
    },
    "vmlinux-nic-ids": {
      "value": [
        [
          "/subscriptions/cc5410f6-a653-4888-8148-84d64421a390/resourceGroups/n01603642-rg/providers/Microsoft.Network/networkInterfaces/n01603642-linux-nic-1",
          "/subscriptions/cc5410f6-a653-4888-8148-84d64421a390/resourceGroups/n01603642-rg/providers/Microsoft.Network/networkInterfaces/n01603642-linux-nic-2",
          "/subscriptions/cc5410f6-a653-4888-8148-84d64421a390/resourceGroups/n01603642-rg/providers/Microsoft.Network/networkInterfaces/n01603642-linux-nic-3"
        ]
      ],
      "type": [
        "tuple",
        [
          [
            "tuple",
            [
              "string",
              "string",
              "string"
            ]
          ]
        ]
      ]
    },
    "vmlinux-private-ip": {
      "value": [
        "10.0.0.5",
        "10.0.0.6",
        "10.0.0.4"
      ],
      "type": [
        "tuple",
        [
          "string",
          "string",
          "string"
        ]
      ]
    },
    "vmlinux-public-ip": {
      "value": [
        "52.233.2.44",
        "52.233.1.79",
        "52.237.32.100"
      ],
      "type": [
        "tuple",
        [
          "string",
          "string",
          "string"
        ]
      ]
    }
  },
  "resources": [
    {
      "mode": "managed",
      "type": "null_resource",
      "name": "ansible",
      "provider": "provider[\"registry.terraform.io/hashicorp/null\"]",
      "instances": [
        {
          "schema_version": 0,
          "attributes": {
            "id": "2299093387167367427",
            "triggers": null
          },
          "sensitive_attributes": [],
          "dependencies": [
            "module.common-n01603642.azurerm_storage_account.n01603642-sa",
            "module.common-n01603642.random_integer.random_suffix",
            "module.datadisk-n01603642.azurerm_managed_disk.n01603642-vmlinux-datadisk",
            "module.datadisk-n01603642.azurerm_virtual_machine_data_disk_attachment.n01603642-vmlinux-datadisk-attachment",
            "module.network-n01603642.azurerm_subnet.n01603642-subnet",
            "module.network-n01603642.azurerm_virtual_network.n01603642-vnet",
            "module.rgroup-n01603642.azurerm_resource_group.resource_group",
            "module.vmlinux-n01603642.azurerm_availability_set.n01603642-vmlinux-avs",
            "module.vmlinux-n01603642.azurerm_linux_virtual_machine.n01603642-vmlinux",
            "module.vmlinux-n01603642.azurerm_network_interface.n01603642-vmlinux-nic",
            "module.vmlinux-n01603642.azurerm_public_ip.n01603642-vmlinux-pip",
            "module.vmlinux-n01603642.azurerm_virtual_machine_extension.n01603642-vmlinux-network-monitor",
            "module.vmlinux-n01603642.azurerm_virtual_machine_extension.n01603642-vmlinux-network-watcher",
            "module.vmlinux-n01603642.null_resource.vmlinux-provisioner-linux"
          ]
        }
      ]
    },
    {
      "module": "module.common-n01603642",
      "mode": "managed",
      "type": "azurerm_log_analytics_workspace",
      "name": "n01603642-law",
      "provider": "provider[\"registry.terraform.io/hashicorp/azurerm\"]",
      "instances": [
        {
          "schema_version": 3,
          "attributes": {
            "allow_resource_only_permissions": true,
            "cmk_for_query_forced": false,
            "daily_quota_gb": -1,
            "id": "/subscriptions/cc5410f6-a653-4888-8148-84d64421a390/resourceGroups/n01603642-rg/providers/Microsoft.OperationalInsights/workspaces/n01603642-law",
            "internet_ingestion_enabled": true,
            "internet_query_enabled": true,
            "local_authentication_disabled": false,
            "location": "canadacentral",
            "name": "n01603642-law",
            "primary_shared_key": "q7Am3S2icsaDYs/hd23CAE1TG3OyjbT+qOVAtpfVCuyfNuMOwPowdYcY5Ojlwectg01vQqezAqc4pEjxmT5wNA==",
            "reservation_capacity_in_gb_per_day": null,
            "resource_group_name": "n01603642-rg",
            "retention_in_days": 30,
            "secondary_shared_key": "7jN7/StlfL6QU8nMhxdI/bGptCGR37NGRFVbSOmRu2poH4pmjJjkpJqhGZso7YZ0rnBjov/+Tf0xtTJ2LRznIA==",
            "sku": "PerGB2018",
            "tags": {
              "Assignment": "CCGC 5502 Automation Assignment",
              "Environment": "Learning",
              "ExpirationDate": "2024-12-31",
              "Name": "divya"
            },
            "timeouts": null,
            "workspace_id": "dea400a2-f8ce-435b-b4ba-4600c4a74115"
          },
          "sensitive_attributes": [],
          "private": "eyJlMmJmYjczMC1lY2FhLTExZTYtOGY4OC0zNDM2M2JjN2M0YzAiOnsiY3JlYXRlIjoxODAwMDAwMDAwMDAwLCJkZWxldGUiOjE4MDAwMDAwMDAwMDAsInJlYWQiOjMwMDAwMDAwMDAwMCwidXBkYXRlIjoxODAwMDAwMDAwMDAwfSwic2NoZW1hX3ZlcnNpb24iOiIzIn0=",
          "dependencies": [
            "module.rgroup-n01603642.azurerm_resource_group.resource_group"
          ]
        }
      ]
    },
    {
      "module": "module.common-n01603642",
      "mode": "managed",
      "type": "azurerm_recovery_services_vault",
      "name": "n01603642-rsv",
      "provider": "provider[\"registry.terraform.io/hashicorp/azurerm\"]",
      "instances": [
        {
          "schema_version": 0,
          "attributes": {
            "classic_vmware_replication_enabled": null,
            "cross_region_restore_enabled": false,
            "encryption": [],
            "id": "/subscriptions/cc5410f6-a653-4888-8148-84d64421a390/resourceGroups/n01603642-rg/providers/Microsoft.RecoveryServices/vaults/n01603642-rsv",
            "identity": [],
            "immutability": null,
            "location": "canadacentral",
            "monitoring": [],
            "name": "n01603642-rsv",
            "public_network_access_enabled": true,
            "resource_group_name": "n01603642-rg",
            "sku": "Standard",
            "soft_delete_enabled": true,
            "storage_mode_type": "GeoRedundant",
            "tags": {
              "Assignment": "CCGC 5502 Automation Assignment",
              "Environment": "Learning",
              "ExpirationDate": "2024-12-31",
              "Name": "divya"
            },
            "timeouts": null
          },
          "sensitive_attributes": [],
          "private": "eyJlMmJmYjczMC1lY2FhLTExZTYtOGY4OC0zNDM2M2JjN2M0YzAiOnsiY3JlYXRlIjo3MjAwMDAwMDAwMDAwLCJkZWxldGUiOjE4MDAwMDAwMDAwMDAsInJlYWQiOjMwMDAwMDAwMDAwMCwidXBkYXRlIjozNjAwMDAwMDAwMDAwfX0=",
          "dependencies": [
            "module.rgroup-n01603642.azurerm_resource_group.resource_group"
          ]
        }
      ]
    },
    {
      "module": "module.common-n01603642",
      "mode": "managed",
      "type": "azurerm_storage_account",
      "name": "n01603642-sa",
      "provider": "provider[\"registry.terraform.io/hashicorp/azurerm\"]",
      "instances": [
        {
          "schema_version": 4,
          "attributes": {
            "access_tier": "Hot",
            "account_kind": "StorageV2",
            "account_replication_type": "LRS",
            "account_tier": "Standard",
            "allow_nested_items_to_be_public": true,
            "allowed_copy_scope": "",
            "azure_files_authentication": [],
            "blob_properties": [
              {
                "change_feed_enabled": false,
                "change_feed_retention_in_days": 0,
                "container_delete_retention_policy": [],
                "cors_rule": [],
                "default_service_version": "",
                "delete_retention_policy": [],
                "last_access_time_enabled": false,
                "restore_policy": [],
                "versioning_enabled": false
              }
            ],
            "cross_tenant_replication_enabled": true,
            "custom_domain": [],
            "customer_managed_key": [],
            "default_to_oauth_authentication": false,
            "edge_zone": "",
            "enable_https_traffic_only": true,
            "id": "/subscriptions/cc5410f6-a653-4888-8148-84d64421a390/resourceGroups/n01603642-rg/providers/Microsoft.Storage/storageAccounts/tfstaten01603642sa5272",
            "identity": [],
            "immutability_policy": [],
            "infrastructure_encryption_enabled": false,
            "is_hns_enabled": false,
            "large_file_share_enabled": null,
            "location": "canadacentral",
            "min_tls_version": "TLS1_2",
            "name": "tfstaten01603642sa5272",
            "network_rules": [
              {
                "bypass": [
                  "AzureServices"
                ],
                "default_action": "Allow",
                "ip_rules": [],
                "private_link_access": [],
                "virtual_network_subnet_ids": []
              }
            ],
            "nfsv3_enabled": false,
            "primary_access_key": "4iymKSIAIcrwzBvOUjOlS5w07N/gFVOyT3wbb5/upodAdMYHZFKBG4YV4SzZH2gF+JkkgJ2PedCY+AStAY35Nw==",
            "primary_blob_connection_string": "DefaultEndpointsProtocol=https;BlobEndpoint=https://tfstaten01603642sa5272.blob.core.windows.net/;AccountName=tfstaten01603642sa5272;AccountKey=4iymKSIAIcrwzBvOUjOlS5w07N/gFVOyT3wbb5/upodAdMYHZFKBG4YV4SzZH2gF+JkkgJ2PedCY+AStAY35Nw==",
            "primary_blob_endpoint": "https://tfstaten01603642sa5272.blob.core.windows.net/",
            "primary_blob_host": "tfstaten01603642sa5272.blob.core.windows.net",
            "primary_connection_string": "DefaultEndpointsProtocol=https;AccountName=tfstaten01603642sa5272;AccountKey=4iymKSIAIcrwzBvOUjOlS5w07N/gFVOyT3wbb5/upodAdMYHZFKBG4YV4SzZH2gF+JkkgJ2PedCY+AStAY35Nw==;EndpointSuffix=core.windows.net",
            "primary_dfs_endpoint": "https://tfstaten01603642sa5272.dfs.core.windows.net/",
            "primary_dfs_host": "tfstaten01603642sa5272.dfs.core.windows.net",
            "primary_file_endpoint": "https://tfstaten01603642sa5272.file.core.windows.net/",
            "primary_file_host": "tfstaten01603642sa5272.file.core.windows.net",
            "primary_location": "canadacentral",
            "primary_queue_endpoint": "https://tfstaten01603642sa5272.queue.core.windows.net/",
            "primary_queue_host": "tfstaten01603642sa5272.queue.core.windows.net",
            "primary_table_endpoint": "https://tfstaten01603642sa5272.table.core.windows.net/",
            "primary_table_host": "tfstaten01603642sa5272.table.core.windows.net",
            "primary_web_endpoint": "https://tfstaten01603642sa5272.z9.web.core.windows.net/",
            "primary_web_host": "tfstaten01603642sa5272.z9.web.core.windows.net",
            "public_network_access_enabled": true,
            "queue_encryption_key_type": "Service",
            "queue_properties": [
              {
                "cors_rule": [],
                "hour_metrics": [
                  {
                    "enabled": true,
                    "include_apis": true,
                    "retention_policy_days": 7,
                    "version": "1.0"
                  }
                ],
                "logging": [
                  {
                    "delete": false,
                    "read": false,
                    "retention_policy_days": 0,
                    "version": "1.0",
                    "write": false
                  }
                ],
                "minute_metrics": [
                  {
                    "enabled": false,
                    "include_apis": false,
                    "retention_policy_days": 0,
                    "version": "1.0"
                  }
                ]
              }
            ],
            "resource_group_name": "n01603642-rg",
            "routing": [],
            "sas_policy": [],
            "secondary_access_key": "PAmgWUr8yMYVG3aPT6D/uIoLbzbNCoWNyV8VDpDF6gYvxnjmzu7zkpKUV0Cq7hqZ7adc2LOQk6Y/+AStfjtJRg==",
            "secondary_blob_connection_string": "",
            "secondary_blob_endpoint": null,
            "secondary_blob_host": null,
            "secondary_connection_string": "DefaultEndpointsProtocol=https;AccountName=tfstaten01603642sa5272;AccountKey=PAmgWUr8yMYVG3aPT6D/uIoLbzbNCoWNyV8VDpDF6gYvxnjmzu7zkpKUV0Cq7hqZ7adc2LOQk6Y/+AStfjtJRg==;EndpointSuffix=core.windows.net",
            "secondary_dfs_endpoint": null,
            "secondary_dfs_host": null,
            "secondary_file_endpoint": null,
            "secondary_file_host": null,
            "secondary_location": "",
            "secondary_queue_endpoint": null,
            "secondary_queue_host": null,
            "secondary_table_endpoint": null,
            "secondary_table_host": null,
            "secondary_web_endpoint": null,
            "secondary_web_host": null,
            "sftp_enabled": false,
            "share_properties": [
              {
                "cors_rule": [],
                "retention_policy": [
                  {
                    "days": 7
                  }
                ],
                "smb": []
              }
            ],
            "shared_access_key_enabled": true,
            "static_website": [],
            "table_encryption_key_type": "Service",
            "tags": {
              "Assignment": "CCGC 5502 Automation Assignment",
              "Environment": "Learning",
              "ExpirationDate": "2024-12-31",
              "Name": "divya"
            },
            "timeouts": null
          },
          "sensitive_attributes": [],
          "private": "eyJlMmJmYjczMC1lY2FhLTExZTYtOGY4OC0zNDM2M2JjN2M0YzAiOnsiY3JlYXRlIjozNjAwMDAwMDAwMDAwLCJkZWxldGUiOjM2MDAwMDAwMDAwMDAsInJlYWQiOjMwMDAwMDAwMDAwMCwidXBkYXRlIjozNjAwMDAwMDAwMDAwfSwic2NoZW1hX3ZlcnNpb24iOiI0In0=",
          "dependencies": [
            "module.common-n01603642.random_integer.random_suffix",
            "module.rgroup-n01603642.azurerm_resource_group.resource_group"
          ]
        }
      ]
    },
    {
      "module": "module.common-n01603642",
      "mode": "managed",
      "type": "random_integer",
      "name": "random_suffix",
      "provider": "provider[\"registry.terraform.io/hashicorp/random\"]",
      "instances": [
        {
          "schema_version": 0,
          "attributes": {
            "id": "5272",
            "keepers": null,
            "max": 9999,
            "min": 1000,
            "result": 5272,
            "seed": "tfstaten01603642sa"
          },
          "sensitive_attributes": []
        }
      ]
    },
    {
      "module": "module.database-n01603642",
      "mode": "managed",
      "type": "azurerm_postgresql_server",
      "name": "database_instance",
      "provider": "provider[\"registry.terraform.io/hashicorp/azurerm\"]",
      "instances": [
        {
          "schema_version": 1,
          "attributes": {
            "administrator_login": "n01603642",
            "administrator_login_password": "Password123!",
            "auto_grow_enabled": true,
            "backup_retention_days": 7,
            "create_mode": "Default",
            "creation_source_server_id": null,
            "fqdn": "database-n01603642.postgres.database.azure.com",
            "geo_redundant_backup_enabled": false,
            "id": "/subscriptions/cc5410f6-a653-4888-8148-84d64421a390/resourceGroups/n01603642-rg/providers/Microsoft.DBforPostgreSQL/servers/database-n01603642",
            "identity": [],
            "infrastructure_encryption_enabled": false,
            "location": "canadacentral",
            "name": "database-n01603642",
            "public_network_access_enabled": true,
            "resource_group_name": "n01603642-rg",
            "restore_point_in_time": null,
            "sku_name": "GP_Gen5_2",
            "ssl_enforcement_enabled": true,
            "ssl_minimal_tls_version_enforced": "TLS1_2",
            "storage_mb": 5120,
            "tags": null,
            "threat_detection_policy": [],
            "timeouts": null,
            "version": "10"
          },
          "sensitive_attributes": [],
          "private": "eyJlMmJmYjczMC1lY2FhLTExZTYtOGY4OC0zNDM2M2JjN2M0YzAiOnsiY3JlYXRlIjozNjAwMDAwMDAwMDAwLCJkZWxldGUiOjM2MDAwMDAwMDAwMDAsInJlYWQiOjMwMDAwMDAwMDAwMCwidXBkYXRlIjozNjAwMDAwMDAwMDAwfSwic2NoZW1hX3ZlcnNpb24iOiIxIn0=",
          "dependencies": [
            "module.rgroup-n01603642.azurerm_resource_group.resource_group"
          ]
        }
      ]
    },
    {
      "module": "module.datadisk-n01603642",
      "mode": "managed",
      "type": "azurerm_managed_disk",
      "name": "n01603642-vmlinux-datadisk",
      "provider": "provider[\"registry.terraform.io/hashicorp/azurerm\"]",
      "instances": [
        {
          "index_key": 0,
          "schema_version": 1,
          "attributes": {
            "create_option": "Empty",
            "disk_access_id": "",
            "disk_encryption_set_id": "",
            "disk_iops_read_only": 0,
            "disk_iops_read_write": 500,
            "disk_mbps_read_only": 0,
            "disk_mbps_read_write": 60,
            "disk_size_gb": 10,
            "edge_zone": "",
            "encryption_settings": [],
            "gallery_image_reference_id": "",
            "hyper_v_generation": "",
            "id": "/subscriptions/cc5410f6-a653-4888-8148-84d64421a390/resourceGroups/n01603642-rg/providers/Microsoft.Compute/disks/n01603642-linux-1-datadisk-1",
            "image_reference_id": "",
            "location": "canadacentral",
            "logical_sector_size": null,
            "max_shares": 0,
            "name": "n01603642-linux-1-datadisk-1",
            "network_access_policy": null,
            "on_demand_bursting_enabled": false,
            "os_type": "",
            "public_network_access_enabled": true,
            "resource_group_name": "n01603642-rg",
            "secure_vm_disk_encryption_set_id": "",
            "security_type": "",
            "source_resource_id": "",
            "source_uri": "",
            "storage_account_id": "",
            "storage_account_type": "Standard_LRS",
            "tags": {
              "Assignment": "CCGC 5502 Automation Assignment",
              "Environment": "Learning",
              "ExpirationDate": "2024-12-31",
              "Name": "divya"
            },
            "tier": "",
            "timeouts": null,
            "trusted_launch_enabled": false,
            "upload_size_bytes": 0,
            "zone": ""
          },
          "sensitive_attributes": [],
          "private": "eyJlMmJmYjczMC1lY2FhLTExZTYtOGY4OC0zNDM2M2JjN2M0YzAiOnsiY3JlYXRlIjoxODAwMDAwMDAwMDAwLCJkZWxldGUiOjE4MDAwMDAwMDAwMDAsInJlYWQiOjMwMDAwMDAwMDAwMCwidXBkYXRlIjoxODAwMDAwMDAwMDAwfSwic2NoZW1hX3ZlcnNpb24iOiIxIn0=",
          "dependencies": [
            "module.common-n01603642.azurerm_storage_account.n01603642-sa",
            "module.common-n01603642.random_integer.random_suffix",
            "module.network-n01603642.azurerm_subnet.n01603642-subnet",
            "module.network-n01603642.azurerm_virtual_network.n01603642-vnet",
            "module.rgroup-n01603642.azurerm_resource_group.resource_group",
            "module.vmlinux-n01603642.azurerm_availability_set.n01603642-vmlinux-avs",
            "module.vmlinux-n01603642.azurerm_linux_virtual_machine.n01603642-vmlinux",
            "module.vmlinux-n01603642.azurerm_network_interface.n01603642-vmlinux-nic",
            "module.vmlinux-n01603642.azurerm_public_ip.n01603642-vmlinux-pip"
          ]
        },
        {
          "index_key": 1,
          "schema_version": 1,
          "attributes": {
            "create_option": "Empty",
            "disk_access_id": "",
            "disk_encryption_set_id": "",
            "disk_iops_read_only": 0,
            "disk_iops_read_write": 500,
            "disk_mbps_read_only": 0,
            "disk_mbps_read_write": 60,
            "disk_size_gb": 10,
            "edge_zone": "",
            "encryption_settings": [],
            "gallery_image_reference_id": "",
            "hyper_v_generation": "",
            "id": "/subscriptions/cc5410f6-a653-4888-8148-84d64421a390/resourceGroups/n01603642-rg/providers/Microsoft.Compute/disks/n01603642-linux-2-datadisk-2",
            "image_reference_id": "",
            "location": "canadacentral",
            "logical_sector_size": null,
            "max_shares": 0,
            "name": "n01603642-linux-2-datadisk-2",
            "network_access_policy": null,
            "on_demand_bursting_enabled": false,
            "os_type": "",
            "public_network_access_enabled": true,
            "resource_group_name": "n01603642-rg",
            "secure_vm_disk_encryption_set_id": "",
            "security_type": "",
            "source_resource_id": "",
            "source_uri": "",
            "storage_account_id": "",
            "storage_account_type": "Standard_LRS",
            "tags": {
              "Assignment": "CCGC 5502 Automation Assignment",
              "Environment": "Learning",
              "ExpirationDate": "2024-12-31",
              "Name": "divya"
            },
            "tier": "",
            "timeouts": null,
            "trusted_launch_enabled": false,
            "upload_size_bytes": 0,
            "zone": ""
          },
          "sensitive_attributes": [],
          "private": "eyJlMmJmYjczMC1lY2FhLTExZTYtOGY4OC0zNDM2M2JjN2M0YzAiOnsiY3JlYXRlIjoxODAwMDAwMDAwMDAwLCJkZWxldGUiOjE4MDAwMDAwMDAwMDAsInJlYWQiOjMwMDAwMDAwMDAwMCwidXBkYXRlIjoxODAwMDAwMDAwMDAwfSwic2NoZW1hX3ZlcnNpb24iOiIxIn0=",
          "dependencies": [
            "module.common-n01603642.azurerm_storage_account.n01603642-sa",
            "module.common-n01603642.random_integer.random_suffix",
            "module.network-n01603642.azurerm_subnet.n01603642-subnet",
            "module.network-n01603642.azurerm_virtual_network.n01603642-vnet",
            "module.rgroup-n01603642.azurerm_resource_group.resource_group",
            "module.vmlinux-n01603642.azurerm_availability_set.n01603642-vmlinux-avs",
            "module.vmlinux-n01603642.azurerm_linux_virtual_machine.n01603642-vmlinux",
            "module.vmlinux-n01603642.azurerm_network_interface.n01603642-vmlinux-nic",
            "module.vmlinux-n01603642.azurerm_public_ip.n01603642-vmlinux-pip"
          ]
        },
        {
          "index_key": 2,
          "schema_version": 1,
          "attributes": {
            "create_option": "Empty",
            "disk_access_id": "",
            "disk_encryption_set_id": "",
            "disk_iops_read_only": 0,
            "disk_iops_read_write": 500,
            "disk_mbps_read_only": 0,
            "disk_mbps_read_write": 60,
            "disk_size_gb": 10,
            "edge_zone": "",
            "encryption_settings": [],
            "gallery_image_reference_id": "",
            "hyper_v_generation": "",
            "id": "/subscriptions/cc5410f6-a653-4888-8148-84d64421a390/resourceGroups/n01603642-rg/providers/Microsoft.Compute/disks/n01603642-linux-3-datadisk-3",
            "image_reference_id": "",
            "location": "canadacentral",
            "logical_sector_size": null,
            "max_shares": 0,
            "name": "n01603642-linux-3-datadisk-3",
            "network_access_policy": null,
            "on_demand_bursting_enabled": false,
            "os_type": "",
            "public_network_access_enabled": true,
            "resource_group_name": "n01603642-rg",
            "secure_vm_disk_encryption_set_id": "",
            "security_type": "",
            "source_resource_id": "",
            "source_uri": "",
            "storage_account_id": "",
            "storage_account_type": "Standard_LRS",
            "tags": {
              "Assignment": "CCGC 5502 Automation Assignment",
              "Environment": "Learning",
              "ExpirationDate": "2024-12-31",
              "Name": "divya"
            },
            "tier": "",
            "timeouts": null,
            "trusted_launch_enabled": false,
            "upload_size_bytes": 0,
            "zone": ""
          },
          "sensitive_attributes": [],
          "private": "eyJlMmJmYjczMC1lY2FhLTExZTYtOGY4OC0zNDM2M2JjN2M0YzAiOnsiY3JlYXRlIjoxODAwMDAwMDAwMDAwLCJkZWxldGUiOjE4MDAwMDAwMDAwMDAsInJlYWQiOjMwMDAwMDAwMDAwMCwidXBkYXRlIjoxODAwMDAwMDAwMDAwfSwic2NoZW1hX3ZlcnNpb24iOiIxIn0=",
          "dependencies": [
            "module.common-n01603642.azurerm_storage_account.n01603642-sa",
            "module.common-n01603642.random_integer.random_suffix",
            "module.network-n01603642.azurerm_subnet.n01603642-subnet",
            "module.network-n01603642.azurerm_virtual_network.n01603642-vnet",
            "module.rgroup-n01603642.azurerm_resource_group.resource_group",
            "module.vmlinux-n01603642.azurerm_availability_set.n01603642-vmlinux-avs",
            "module.vmlinux-n01603642.azurerm_linux_virtual_machine.n01603642-vmlinux",
            "module.vmlinux-n01603642.azurerm_network_interface.n01603642-vmlinux-nic",
            "module.vmlinux-n01603642.azurerm_public_ip.n01603642-vmlinux-pip"
          ]
        }
      ]
    },
    {
      "module": "module.datadisk-n01603642",
      "mode": "managed",
      "type": "azurerm_virtual_machine_data_disk_attachment",
      "name": "n01603642-vmlinux-datadisk-attachment",
      "provider": "provider[\"registry.terraform.io/hashicorp/azurerm\"]",
      "instances": [
        {
          "index_key": 0,
          "schema_version": 0,
          "attributes": {
            "caching": "ReadWrite",
            "create_option": "Attach",
            "id": "/subscriptions/cc5410f6-a653-4888-8148-84d64421a390/resourceGroups/n01603642-rg/providers/Microsoft.Compute/virtualMachines/n01603642-linux-1/dataDisks/n01603642-linux-1-datadisk-1",
            "lun": 0,
            "managed_disk_id": "/subscriptions/cc5410f6-a653-4888-8148-84d64421a390/resourceGroups/n01603642-rg/providers/Microsoft.Compute/disks/n01603642-linux-1-datadisk-1",
            "timeouts": null,
            "virtual_machine_id": "/subscriptions/cc5410f6-a653-4888-8148-84d64421a390/resourceGroups/n01603642-rg/providers/Microsoft.Compute/virtualMachines/n01603642-linux-1",
            "write_accelerator_enabled": false
          },
          "sensitive_attributes": [],
          "private": "eyJlMmJmYjczMC1lY2FhLTExZTYtOGY4OC0zNDM2M2JjN2M0YzAiOnsiY3JlYXRlIjoxODAwMDAwMDAwMDAwLCJkZWxldGUiOjE4MDAwMDAwMDAwMDAsInJlYWQiOjMwMDAwMDAwMDAwMCwidXBkYXRlIjoxODAwMDAwMDAwMDAwfX0=",
          "dependencies": [
            "module.common-n01603642.azurerm_storage_account.n01603642-sa",
            "module.common-n01603642.random_integer.random_suffix",
            "module.datadisk-n01603642.azurerm_managed_disk.n01603642-vmlinux-datadisk",
            "module.network-n01603642.azurerm_subnet.n01603642-subnet",
            "module.network-n01603642.azurerm_virtual_network.n01603642-vnet",
            "module.rgroup-n01603642.azurerm_resource_group.resource_group",
            "module.vmlinux-n01603642.azurerm_availability_set.n01603642-vmlinux-avs",
            "module.vmlinux-n01603642.azurerm_linux_virtual_machine.n01603642-vmlinux",
            "module.vmlinux-n01603642.azurerm_network_interface.n01603642-vmlinux-nic",
            "module.vmlinux-n01603642.azurerm_public_ip.n01603642-vmlinux-pip"
          ]
        },
        {
          "index_key": 1,
          "schema_version": 0,
          "attributes": {
            "caching": "ReadWrite",
            "create_option": "Attach",
            "id": "/subscriptions/cc5410f6-a653-4888-8148-84d64421a390/resourceGroups/n01603642-rg/providers/Microsoft.Compute/virtualMachines/n01603642-linux-2/dataDisks/n01603642-linux-2-datadisk-2",
            "lun": 0,
            "managed_disk_id": "/subscriptions/cc5410f6-a653-4888-8148-84d64421a390/resourceGroups/n01603642-rg/providers/Microsoft.Compute/disks/n01603642-linux-2-datadisk-2",
            "timeouts": null,
            "virtual_machine_id": "/subscriptions/cc5410f6-a653-4888-8148-84d64421a390/resourceGroups/n01603642-rg/providers/Microsoft.Compute/virtualMachines/n01603642-linux-2",
            "write_accelerator_enabled": false
          },
          "sensitive_attributes": [],
          "private": "eyJlMmJmYjczMC1lY2FhLTExZTYtOGY4OC0zNDM2M2JjN2M0YzAiOnsiY3JlYXRlIjoxODAwMDAwMDAwMDAwLCJkZWxldGUiOjE4MDAwMDAwMDAwMDAsInJlYWQiOjMwMDAwMDAwMDAwMCwidXBkYXRlIjoxODAwMDAwMDAwMDAwfX0=",
          "dependencies": [
            "module.common-n01603642.azurerm_storage_account.n01603642-sa",
            "module.common-n01603642.random_integer.random_suffix",
            "module.datadisk-n01603642.azurerm_managed_disk.n01603642-vmlinux-datadisk",
            "module.network-n01603642.azurerm_subnet.n01603642-subnet",
            "module.network-n01603642.azurerm_virtual_network.n01603642-vnet",
            "module.rgroup-n01603642.azurerm_resource_group.resource_group",
            "module.vmlinux-n01603642.azurerm_availability_set.n01603642-vmlinux-avs",
            "module.vmlinux-n01603642.azurerm_linux_virtual_machine.n01603642-vmlinux",
            "module.vmlinux-n01603642.azurerm_network_interface.n01603642-vmlinux-nic",
            "module.vmlinux-n01603642.azurerm_public_ip.n01603642-vmlinux-pip"
          ]
        },
        {
          "index_key": 2,
          "schema_version": 0,
          "attributes": {
            "caching": "ReadWrite",
            "create_option": "Attach",
            "id": "/subscriptions/cc5410f6-a653-4888-8148-84d64421a390/resourceGroups/n01603642-rg/providers/Microsoft.Compute/virtualMachines/n01603642-linux-3/dataDisks/n01603642-linux-3-datadisk-3",
            "lun": 0,
            "managed_disk_id": "/subscriptions/cc5410f6-a653-4888-8148-84d64421a390/resourceGroups/n01603642-rg/providers/Microsoft.Compute/disks/n01603642-linux-3-datadisk-3",
            "timeouts": null,
            "virtual_machine_id": "/subscriptions/cc5410f6-a653-4888-8148-84d64421a390/resourceGroups/n01603642-rg/providers/Microsoft.Compute/virtualMachines/n01603642-linux-3",
            "write_accelerator_enabled": false
          },
          "sensitive_attributes": [],
          "private": "eyJlMmJmYjczMC1lY2FhLTExZTYtOGY4OC0zNDM2M2JjN2M0YzAiOnsiY3JlYXRlIjoxODAwMDAwMDAwMDAwLCJkZWxldGUiOjE4MDAwMDAwMDAwMDAsInJlYWQiOjMwMDAwMDAwMDAwMCwidXBkYXRlIjoxODAwMDAwMDAwMDAwfX0=",
          "dependencies": [
            "module.common-n01603642.azurerm_storage_account.n01603642-sa",
            "module.common-n01603642.random_integer.random_suffix",
            "module.datadisk-n01603642.azurerm_managed_disk.n01603642-vmlinux-datadisk",
            "module.network-n01603642.azurerm_subnet.n01603642-subnet",
            "module.network-n01603642.azurerm_virtual_network.n01603642-vnet",
            "module.rgroup-n01603642.azurerm_resource_group.resource_group",
            "module.vmlinux-n01603642.azurerm_availability_set.n01603642-vmlinux-avs",
            "module.vmlinux-n01603642.azurerm_linux_virtual_machine.n01603642-vmlinux",
            "module.vmlinux-n01603642.azurerm_network_interface.n01603642-vmlinux-nic",
            "module.vmlinux-n01603642.azurerm_public_ip.n01603642-vmlinux-pip"
          ]
        }
      ]
    },
    {
      "module": "module.loadbalancer-n01603642",
      "mode": "managed",
      "type": "azurerm_lb",
      "name": "n01603642-loadbalancer",
      "provider": "provider[\"registry.terraform.io/hashicorp/azurerm\"]",
      "instances": [
        {
          "schema_version": 0,
          "attributes": {
            "edge_zone": "",
            "frontend_ip_configuration": [
              {
                "gateway_load_balancer_frontend_ip_configuration_id": "",
                "id": "/subscriptions/cc5410f6-a653-4888-8148-84d64421a390/resourceGroups/n01603642-rg/providers/Microsoft.Network/loadBalancers/n01603642-loadbalancer/frontendIPConfigurations/n01603642-loadbalancer-ipconfig",
                "inbound_nat_rules": [],
                "load_balancer_rules": [],
                "name": "n01603642-loadbalancer-ipconfig",
                "outbound_rules": [],
                "private_ip_address": "",
                "private_ip_address_allocation": "Dynamic",
                "private_ip_address_version": "",
                "public_ip_address_id": "/subscriptions/cc5410f6-a653-4888-8148-84d64421a390/resourceGroups/n01603642-rg/providers/Microsoft.Network/publicIPAddresses/n01603642-loadbalancer-pip",
                "public_ip_prefix_id": "",
                "subnet_id": "",
                "zones": null
              }
            ],
            "id": "/subscriptions/cc5410f6-a653-4888-8148-84d64421a390/resourceGroups/n01603642-rg/providers/Microsoft.Network/loadBalancers/n01603642-loadbalancer",
            "location": "canadacentral",
            "name": "n01603642-loadbalancer",
            "private_ip_address": "",
            "private_ip_addresses": [],
            "resource_group_name": "n01603642-rg",
            "sku": "Basic",
            "sku_tier": "Regional",
            "tags": {
              "Assignment": "CCGC 5502 Automation Assignment",
              "Environment": "Learning",
              "ExpirationDate": "2024-12-31",
              "Name": "divya"
            },
            "timeouts": null
          },
          "sensitive_attributes": [],
          "private": "eyJlMmJmYjczMC1lY2FhLTExZTYtOGY4OC0zNDM2M2JjN2M0YzAiOnsiY3JlYXRlIjoxODAwMDAwMDAwMDAwLCJkZWxldGUiOjE4MDAwMDAwMDAwMDAsInJlYWQiOjMwMDAwMDAwMDAwMCwidXBkYXRlIjoxODAwMDAwMDAwMDAwfX0=",
          "dependencies": [
            "module.loadbalancer-n01603642.azurerm_public_ip.n01603642-loadbalancer-pip",
            "module.rgroup-n01603642.azurerm_resource_group.resource_group"
          ]
        }
      ]
    },
    {
      "module": "module.loadbalancer-n01603642",
      "mode": "managed",
      "type": "azurerm_lb_backend_address_pool",
      "name": "n01603642-loadbalancer-address_pool",
      "provider": "provider[\"registry.terraform.io/hashicorp/azurerm\"]",
      "instances": [
        {
          "schema_version": 0,
          "attributes": {
            "backend_ip_configurations": [],
            "id": "/subscriptions/cc5410f6-a653-4888-8148-84d64421a390/resourceGroups/n01603642-rg/providers/Microsoft.Network/loadBalancers/n01603642-loadbalancer/backendAddressPools/n01603642-loadbalancer-address_pool",
            "inbound_nat_rules": [],
            "load_balancing_rules": [],
            "loadbalancer_id": "/subscriptions/cc5410f6-a653-4888-8148-84d64421a390/resourceGroups/n01603642-rg/providers/Microsoft.Network/loadBalancers/n01603642-loadbalancer",
            "name": "n01603642-loadbalancer-address_pool",
            "outbound_rules": [],
            "timeouts": null,
            "tunnel_interface": [],
            "virtual_network_id": ""
          },
          "sensitive_attributes": [],
          "private": "eyJlMmJmYjczMC1lY2FhLTExZTYtOGY4OC0zNDM2M2JjN2M0YzAiOnsiY3JlYXRlIjoxODAwMDAwMDAwMDAwLCJkZWxldGUiOjE4MDAwMDAwMDAwMDAsInJlYWQiOjMwMDAwMDAwMDAwMCwidXBkYXRlIjoxODAwMDAwMDAwMDAwfX0=",
          "dependencies": [
            "module.loadbalancer-n01603642.azurerm_lb.n01603642-loadbalancer",
            "module.loadbalancer-n01603642.azurerm_public_ip.n01603642-loadbalancer-pip",
            "module.rgroup-n01603642.azurerm_resource_group.resource_group"
          ]
        }
      ]
    },
    {
      "module": "module.loadbalancer-n01603642",
      "mode": "managed",
      "type": "azurerm_lb_rule",
      "name": "n01603642-loadbalancer-rules",
      "provider": "provider[\"registry.terraform.io/hashicorp/azurerm\"]",
      "instances": [
        {
          "schema_version": 0,
          "attributes": {
            "backend_address_pool_ids": [
              "/subscriptions/cc5410f6-a653-4888-8148-84d64421a390/resourceGroups/n01603642-rg/providers/Microsoft.Network/loadBalancers/n01603642-loadbalancer/backendAddressPools/n01603642-loadbalancer-address_pool"
            ],
            "backend_port": 80,
            "disable_outbound_snat": false,
            "enable_floating_ip": false,
            "enable_tcp_reset": false,
            "frontend_ip_configuration_id": "/subscriptions/cc5410f6-a653-4888-8148-84d64421a390/resourceGroups/n01603642-rg/providers/Microsoft.Network/loadBalancers/n01603642-loadbalancer/frontendIPConfigurations/n01603642-loadbalancer-ipconfig",
            "frontend_ip_configuration_name": "n01603642-loadbalancer-ipconfig",
            "frontend_port": 80,
            "id": "/subscriptions/cc5410f6-a653-4888-8148-84d64421a390/resourceGroups/n01603642-rg/providers/Microsoft.Network/loadBalancers/n01603642-loadbalancer/loadBalancingRules/loadbalancer-rules",
            "idle_timeout_in_minutes": 4,
            "load_distribution": "Default",
            "loadbalancer_id": "/subscriptions/cc5410f6-a653-4888-8148-84d64421a390/resourceGroups/n01603642-rg/providers/Microsoft.Network/loadBalancers/n01603642-loadbalancer",
            "name": "loadbalancer-rules",
            "probe_id": "",
            "protocol": "Tcp",
            "timeouts": null
          },
          "sensitive_attributes": [],
          "private": "eyJlMmJmYjczMC1lY2FhLTExZTYtOGY4OC0zNDM2M2JjN2M0YzAiOnsiY3JlYXRlIjoxODAwMDAwMDAwMDAwLCJkZWxldGUiOjE4MDAwMDAwMDAwMDAsInJlYWQiOjMwMDAwMDAwMDAwMCwidXBkYXRlIjoxODAwMDAwMDAwMDAwfX0=",
          "dependencies": [
            "module.loadbalancer-n01603642.azurerm_lb.n01603642-loadbalancer",
            "module.loadbalancer-n01603642.azurerm_lb_backend_address_pool.n01603642-loadbalancer-address_pool",
            "module.loadbalancer-n01603642.azurerm_public_ip.n01603642-loadbalancer-pip",
            "module.rgroup-n01603642.azurerm_resource_group.resource_group"
          ]
        }
      ]
    },
    {
      "module": "module.loadbalancer-n01603642",
      "mode": "managed",
      "type": "azurerm_network_interface_backend_address_pool_association",
      "name": "n01603642-loadbalancer-nic-backend_pool_association",
      "provider": "provider[\"registry.terraform.io/hashicorp/azurerm\"]",
      "instances": [
        {
          "index_key": 0,
          "schema_version": 0,
          "attributes": {
            "backend_address_pool_id": "/subscriptions/cc5410f6-a653-4888-8148-84d64421a390/resourceGroups/n01603642-rg/providers/Microsoft.Network/loadBalancers/n01603642-loadbalancer/backendAddressPools/n01603642-loadbalancer-address_pool",
            "id": "/subscriptions/cc5410f6-a653-4888-8148-84d64421a390/resourceGroups/n01603642-rg/providers/Microsoft.Network/networkInterfaces/n01603642-linux-nic-1/ipConfigurations/n01603642-linux-ipconfig-1|/subscriptions/cc5410f6-a653-4888-8148-84d64421a390/resourceGroups/n01603642-rg/providers/Microsoft.Network/loadBalancers/n01603642-loadbalancer/backendAddressPools/n01603642-loadbalancer-address_pool",
            "ip_configuration_name": "n01603642-linux-ipconfig-1",
            "network_interface_id": "/subscriptions/cc5410f6-a653-4888-8148-84d64421a390/resourceGroups/n01603642-rg/providers/Microsoft.Network/networkInterfaces/n01603642-linux-nic-1",
            "timeouts": null
          },
          "sensitive_attributes": [],
          "private": "eyJlMmJmYjczMC1lY2FhLTExZTYtOGY4OC0zNDM2M2JjN2M0YzAiOnsiY3JlYXRlIjoxODAwMDAwMDAwMDAwLCJkZWxldGUiOjE4MDAwMDAwMDAwMDAsInJlYWQiOjMwMDAwMDAwMDAwMCwidXBkYXRlIjoxODAwMDAwMDAwMDAwfX0=",
          "dependencies": [
            "module.common-n01603642.azurerm_storage_account.n01603642-sa",
            "module.common-n01603642.random_integer.random_suffix",
            "module.loadbalancer-n01603642.azurerm_lb.n01603642-loadbalancer",
            "module.loadbalancer-n01603642.azurerm_lb_backend_address_pool.n01603642-loadbalancer-address_pool",
            "module.loadbalancer-n01603642.azurerm_public_ip.n01603642-loadbalancer-pip",
            "module.network-n01603642.azurerm_subnet.n01603642-subnet",
            "module.network-n01603642.azurerm_virtual_network.n01603642-vnet",
            "module.rgroup-n01603642.azurerm_resource_group.resource_group",
            "module.vmlinux-n01603642.azurerm_availability_set.n01603642-vmlinux-avs",
            "module.vmlinux-n01603642.azurerm_linux_virtual_machine.n01603642-vmlinux",
            "module.vmlinux-n01603642.azurerm_network_interface.n01603642-vmlinux-nic",
            "module.vmlinux-n01603642.azurerm_public_ip.n01603642-vmlinux-pip"
          ]
        },
        {
          "index_key": 1,
          "schema_version": 0,
          "attributes": {
            "backend_address_pool_id": "/subscriptions/cc5410f6-a653-4888-8148-84d64421a390/resourceGroups/n01603642-rg/providers/Microsoft.Network/loadBalancers/n01603642-loadbalancer/backendAddressPools/n01603642-loadbalancer-address_pool",
            "id": "/subscriptions/cc5410f6-a653-4888-8148-84d64421a390/resourceGroups/n01603642-rg/providers/Microsoft.Network/networkInterfaces/n01603642-linux-nic-2/ipConfigurations/n01603642-linux-ipconfig-2|/subscriptions/cc5410f6-a653-4888-8148-84d64421a390/resourceGroups/n01603642-rg/providers/Microsoft.Network/loadBalancers/n01603642-loadbalancer/backendAddressPools/n01603642-loadbalancer-address_pool",
            "ip_configuration_name": "n01603642-linux-ipconfig-2",
            "network_interface_id": "/subscriptions/cc5410f6-a653-4888-8148-84d64421a390/resourceGroups/n01603642-rg/providers/Microsoft.Network/networkInterfaces/n01603642-linux-nic-2",
            "timeouts": null
          },
          "sensitive_attributes": [],
          "private": "eyJlMmJmYjczMC1lY2FhLTExZTYtOGY4OC0zNDM2M2JjN2M0YzAiOnsiY3JlYXRlIjoxODAwMDAwMDAwMDAwLCJkZWxldGUiOjE4MDAwMDAwMDAwMDAsInJlYWQiOjMwMDAwMDAwMDAwMCwidXBkYXRlIjoxODAwMDAwMDAwMDAwfX0=",
          "dependencies": [
            "module.common-n01603642.azurerm_storage_account.n01603642-sa",
            "module.common-n01603642.random_integer.random_suffix",
            "module.loadbalancer-n01603642.azurerm_lb.n01603642-loadbalancer",
            "module.loadbalancer-n01603642.azurerm_lb_backend_address_pool.n01603642-loadbalancer-address_pool",
            "module.loadbalancer-n01603642.azurerm_public_ip.n01603642-loadbalancer-pip",
            "module.network-n01603642.azurerm_subnet.n01603642-subnet",
            "module.network-n01603642.azurerm_virtual_network.n01603642-vnet",
            "module.rgroup-n01603642.azurerm_resource_group.resource_group",
            "module.vmlinux-n01603642.azurerm_availability_set.n01603642-vmlinux-avs",
            "module.vmlinux-n01603642.azurerm_linux_virtual_machine.n01603642-vmlinux",
            "module.vmlinux-n01603642.azurerm_network_interface.n01603642-vmlinux-nic",
            "module.vmlinux-n01603642.azurerm_public_ip.n01603642-vmlinux-pip"
          ]
        },
        {
          "index_key": 2,
          "schema_version": 0,
          "attributes": {
            "backend_address_pool_id": "/subscriptions/cc5410f6-a653-4888-8148-84d64421a390/resourceGroups/n01603642-rg/providers/Microsoft.Network/loadBalancers/n01603642-loadbalancer/backendAddressPools/n01603642-loadbalancer-address_pool",
            "id": "/subscriptions/cc5410f6-a653-4888-8148-84d64421a390/resourceGroups/n01603642-rg/providers/Microsoft.Network/networkInterfaces/n01603642-linux-nic-3/ipConfigurations/n01603642-linux-ipconfig-3|/subscriptions/cc5410f6-a653-4888-8148-84d64421a390/resourceGroups/n01603642-rg/providers/Microsoft.Network/loadBalancers/n01603642-loadbalancer/backendAddressPools/n01603642-loadbalancer-address_pool",
            "ip_configuration_name": "n01603642-linux-ipconfig-3",
            "network_interface_id": "/subscriptions/cc5410f6-a653-4888-8148-84d64421a390/resourceGroups/n01603642-rg/providers/Microsoft.Network/networkInterfaces/n01603642-linux-nic-3",
            "timeouts": null
          },
          "sensitive_attributes": [],
          "private": "eyJlMmJmYjczMC1lY2FhLTExZTYtOGY4OC0zNDM2M2JjN2M0YzAiOnsiY3JlYXRlIjoxODAwMDAwMDAwMDAwLCJkZWxldGUiOjE4MDAwMDAwMDAwMDAsInJlYWQiOjMwMDAwMDAwMDAwMCwidXBkYXRlIjoxODAwMDAwMDAwMDAwfX0=",
          "dependencies": [
            "module.common-n01603642.azurerm_storage_account.n01603642-sa",
            "module.common-n01603642.random_integer.random_suffix",
            "module.loadbalancer-n01603642.azurerm_lb.n01603642-loadbalancer",
            "module.loadbalancer-n01603642.azurerm_lb_backend_address_pool.n01603642-loadbalancer-address_pool",
            "module.loadbalancer-n01603642.azurerm_public_ip.n01603642-loadbalancer-pip",
            "module.network-n01603642.azurerm_subnet.n01603642-subnet",
            "module.network-n01603642.azurerm_virtual_network.n01603642-vnet",
            "module.rgroup-n01603642.azurerm_resource_group.resource_group",
            "module.vmlinux-n01603642.azurerm_availability_set.n01603642-vmlinux-avs",
            "module.vmlinux-n01603642.azurerm_linux_virtual_machine.n01603642-vmlinux",
            "module.vmlinux-n01603642.azurerm_network_interface.n01603642-vmlinux-nic",
            "module.vmlinux-n01603642.azurerm_public_ip.n01603642-vmlinux-pip"
          ]
        }
      ]
    },
    {
      "module": "module.loadbalancer-n01603642",
      "mode": "managed",
      "type": "azurerm_public_ip",
      "name": "n01603642-loadbalancer-pip",
      "provider": "provider[\"registry.terraform.io/hashicorp/azurerm\"]",
      "instances": [
        {
          "schema_version": 0,
          "attributes": {
            "allocation_method": "Static",
            "ddos_protection_mode": "VirtualNetworkInherited",
            "ddos_protection_plan_id": null,
            "domain_name_label": "n01603642lb",
            "edge_zone": "",
            "fqdn": "n01603642lb.canadacentral.cloudapp.azure.com",
            "id": "/subscriptions/cc5410f6-a653-4888-8148-84d64421a390/resourceGroups/n01603642-rg/providers/Microsoft.Network/publicIPAddresses/n01603642-loadbalancer-pip",
            "idle_timeout_in_minutes": 30,
            "ip_address": "52.233.61.46",
            "ip_tags": null,
            "ip_version": "IPv4",
            "location": "canadacentral",
            "name": "n01603642-loadbalancer-pip",
            "public_ip_prefix_id": null,
            "resource_group_name": "n01603642-rg",
            "reverse_fqdn": "",
            "sku": "Basic",
            "sku_tier": "Regional",
            "tags": {
              "Assignment": "CCGC 5502 Automation Assignment",
              "Environment": "Learning",
              "ExpirationDate": "2024-12-31",
              "Name": "divya"
            },
            "timeouts": null,
            "zones": null
          },
          "sensitive_attributes": [],
          "private": "eyJlMmJmYjczMC1lY2FhLTExZTYtOGY4OC0zNDM2M2JjN2M0YzAiOnsiY3JlYXRlIjoxODAwMDAwMDAwMDAwLCJkZWxldGUiOjE4MDAwMDAwMDAwMDAsInJlYWQiOjMwMDAwMDAwMDAwMCwidXBkYXRlIjoxODAwMDAwMDAwMDAwfX0=",
          "dependencies": [
            "module.rgroup-n01603642.azurerm_resource_group.resource_group"
          ]
        }
      ]
    },
    {
      "module": "module.network-n01603642",
      "mode": "managed",
      "type": "azurerm_network_security_group",
      "name": "n01603642-nsg",
      "provider": "provider[\"registry.terraform.io/hashicorp/azurerm\"]",
      "instances": [
        {
          "schema_version": 0,
          "attributes": {
            "id": "/subscriptions/cc5410f6-a653-4888-8148-84d64421a390/resourceGroups/n01603642-rg/providers/Microsoft.Network/networkSecurityGroups/n01603642-NSG",
            "location": "canadacentral",
            "name": "n01603642-NSG",
            "resource_group_name": "n01603642-rg",
            "security_rule": [
              {
                "access": "Allow",
                "description": "",
                "destination_address_prefix": "*",
                "destination_address_prefixes": [],
                "destination_application_security_group_ids": [],
                "destination_port_range": "22",
                "destination_port_ranges": [],
                "direction": "Inbound",
                "name": "Allow-SSH",
                "priority": 100,
                "protocol": "Tcp",
                "source_address_prefix": "*",
                "source_address_prefixes": [],
                "source_application_security_group_ids": [],
                "source_port_range": "*",
                "source_port_ranges": []
              },
              {
                "access": "Allow",
                "description": "",
                "destination_address_prefix": "*",
                "destination_address_prefixes": [],
                "destination_application_security_group_ids": [],
                "destination_port_range": "3389",
                "destination_port_ranges": [],
                "direction": "Inbound",
                "name": "Allow-RDP",
                "priority": 101,
                "protocol": "Tcp",
                "source_address_prefix": "*",
                "source_address_prefixes": [],
                "source_application_security_group_ids": [],
                "source_port_range": "*",
                "source_port_ranges": []
              },
              {
                "access": "Allow",
                "description": "",
                "destination_address_prefix": "*",
                "destination_address_prefixes": [],
                "destination_application_security_group_ids": [],
                "destination_port_range": "5985",
                "destination_port_ranges": [],
                "direction": "Inbound",
                "name": "Allow-WinRM",
                "priority": 102,
                "protocol": "Tcp",
                "source_address_prefix": "*",
                "source_address_prefixes": [],
                "source_application_security_group_ids": [],
                "source_port_range": "*",
                "source_port_ranges": []
              },
              {
                "access": "Allow",
                "description": "",
                "destination_address_prefix": "*",
                "destination_address_prefixes": [],
                "destination_application_security_group_ids": [],
                "destination_port_range": "80",
                "destination_port_ranges": [],
                "direction": "Inbound",
                "name": "Allow-HTTP",
                "priority": 103,
                "protocol": "Tcp",
                "source_address_prefix": "*",
                "source_address_prefixes": [],
                "source_application_security_group_ids": [],
                "source_port_range": "*",
                "source_port_ranges": []
              }
            ],
            "tags": {
              "Assignment": "CCGC 5502 Automation Assignment",
              "Environment": "Learning",
              "ExpirationDate": "2024-12-31",
              "Name": "divya"
            },
            "timeouts": null
          },
          "sensitive_attributes": [],
          "private": "eyJlMmJmYjczMC1lY2FhLTExZTYtOGY4OC0zNDM2M2JjN2M0YzAiOnsiY3JlYXRlIjoxODAwMDAwMDAwMDAwLCJkZWxldGUiOjE4MDAwMDAwMDAwMDAsInJlYWQiOjMwMDAwMDAwMDAwMCwidXBkYXRlIjoxODAwMDAwMDAwMDAwfX0=",
          "dependencies": [
            "module.rgroup-n01603642.azurerm_resource_group.resource_group"
          ]
        }
      ]
    },
    {
      "module": "module.network-n01603642",
      "mode": "managed",
      "type": "azurerm_subnet",
      "name": "n01603642-subnet",
      "provider": "provider[\"registry.terraform.io/hashicorp/azurerm\"]",
      "instances": [
        {
          "schema_version": 0,
          "attributes": {
            "address_prefixes": [
              "10.0.0.0/24"
            ],
            "delegation": [],
            "enforce_private_link_endpoint_network_policies": false,
            "enforce_private_link_service_network_policies": false,
            "id": "/subscriptions/cc5410f6-a653-4888-8148-84d64421a390/resourceGroups/n01603642-rg/providers/Microsoft.Network/virtualNetworks/n01603642-vnet/subnets/n01603642-subnet",
            "name": "n01603642-subnet",
            "private_endpoint_network_policies_enabled": true,
            "private_link_service_network_policies_enabled": true,
            "resource_group_name": "n01603642-rg",
            "service_endpoint_policy_ids": null,
            "service_endpoints": null,
            "timeouts": null,
            "virtual_network_name": "n01603642-vnet"
          },
          "sensitive_attributes": [],
          "private": "eyJlMmJmYjczMC1lY2FhLTExZTYtOGY4OC0zNDM2M2JjN2M0YzAiOnsiY3JlYXRlIjoxODAwMDAwMDAwMDAwLCJkZWxldGUiOjE4MDAwMDAwMDAwMDAsInJlYWQiOjMwMDAwMDAwMDAwMCwidXBkYXRlIjoxODAwMDAwMDAwMDAwfX0=",
          "dependencies": [
            "module.network-n01603642.azurerm_virtual_network.n01603642-vnet",
            "module.rgroup-n01603642.azurerm_resource_group.resource_group"
          ]
        }
      ]
    },
    {
      "module": "module.network-n01603642",
      "mode": "managed",
      "type": "azurerm_virtual_network",
      "name": "n01603642-vnet",
      "provider": "provider[\"registry.terraform.io/hashicorp/azurerm\"]",
      "instances": [
        {
          "schema_version": 0,
          "attributes": {
            "address_space": [
              "10.0.0.0/16"
            ],
            "bgp_community": "",
            "ddos_protection_plan": [],
            "dns_servers": [],
            "edge_zone": "",
            "encryption": [],
            "flow_timeout_in_minutes": 0,
            "guid": "11e6c55b-6ac9-4916-80b2-8c0708e4127b",
            "id": "/subscriptions/cc5410f6-a653-4888-8148-84d64421a390/resourceGroups/n01603642-rg/providers/Microsoft.Network/virtualNetworks/n01603642-vnet",
            "location": "canadacentral",
            "name": "n01603642-vnet",
            "resource_group_name": "n01603642-rg",
            "subnet": [],
            "tags": {
              "Assignment": "CCGC 5502 Automation Assignment",
              "Environment": "Learning",
              "ExpirationDate": "2024-12-31",
              "Name": "divya"
            },
            "timeouts": null
          },
          "sensitive_attributes": [],
          "private": "eyJlMmJmYjczMC1lY2FhLTExZTYtOGY4OC0zNDM2M2JjN2M0YzAiOnsiY3JlYXRlIjoxODAwMDAwMDAwMDAwLCJkZWxldGUiOjE4MDAwMDAwMDAwMDAsInJlYWQiOjMwMDAwMDAwMDAwMCwidXBkYXRlIjoxODAwMDAwMDAwMDAwfX0=",
          "dependencies": [
            "module.rgroup-n01603642.azurerm_resource_group.resource_group"
          ]
        }
      ]
    },
    {
      "module": "module.rgroup-n01603642",
      "mode": "managed",
      "type": "azurerm_resource_group",
      "name": "resource_group",
      "provider": "provider[\"registry.terraform.io/hashicorp/azurerm\"]",
      "instances": [
        {
          "schema_version": 0,
          "attributes": {
            "id": "/subscriptions/cc5410f6-a653-4888-8148-84d64421a390/resourceGroups/n01603642-rg",
            "location": "canadacentral",
            "managed_by": "",
            "name": "n01603642-rg",
            "tags": {
              "Assignment": "CCGC 5502 Automation Assignment",
              "Environment": "Learning",
              "ExpirationDate": "2024-12-31",
              "Name": "divya"
            },
            "timeouts": null
          },
          "sensitive_attributes": [],
          "private": "eyJlMmJmYjczMC1lY2FhLTExZTYtOGY4OC0zNDM2M2JjN2M0YzAiOnsiY3JlYXRlIjo1NDAwMDAwMDAwMDAwLCJkZWxldGUiOjU0MDAwMDAwMDAwMDAsInJlYWQiOjMwMDAwMDAwMDAwMCwidXBkYXRlIjo1NDAwMDAwMDAwMDAwfX0="
        }
      ]
    },
    {
      "module": "module.vmlinux-n01603642",
      "mode": "managed",
      "type": "azurerm_availability_set",
      "name": "n01603642-vmlinux-avs",
      "provider": "provider[\"registry.terraform.io/hashicorp/azurerm\"]",
      "instances": [
        {
          "schema_version": 0,
          "attributes": {
            "id": "/subscriptions/cc5410f6-a653-4888-8148-84d64421a390/resourceGroups/n01603642-rg/providers/Microsoft.Compute/availabilitySets/n01603642-linux-avs",
            "location": "canadacentral",
            "managed": true,
            "name": "n01603642-linux-avs",
            "platform_fault_domain_count": 2,
            "platform_update_domain_count": 3,
            "proximity_placement_group_id": null,
            "resource_group_name": "n01603642-rg",
            "tags": {
              "Assignment": "CCGC 5502 Automation Assignment",
              "Environment": "Learning",
              "ExpirationDate": "2024-12-31",
              "Name": "divya"
            },
            "timeouts": null
          },
          "sensitive_attributes": [],
          "private": "eyJlMmJmYjczMC1lY2FhLTExZTYtOGY4OC0zNDM2M2JjN2M0YzAiOnsiY3JlYXRlIjoxODAwMDAwMDAwMDAwLCJkZWxldGUiOjE4MDAwMDAwMDAwMDAsInJlYWQiOjMwMDAwMDAwMDAwMCwidXBkYXRlIjoxODAwMDAwMDAwMDAwfX0=",
          "dependencies": [
            "module.common-n01603642.azurerm_storage_account.n01603642-sa",
            "module.common-n01603642.random_integer.random_suffix",
            "module.rgroup-n01603642.azurerm_resource_group.resource_group"
          ]
        }
      ]
    },
    {
      "module": "module.vmlinux-n01603642",
      "mode": "managed",
      "type": "azurerm_linux_virtual_machine",
      "name": "n01603642-vmlinux",
      "provider": "provider[\"registry.terraform.io/hashicorp/azurerm\"]",
      "instances": [
        {
          "index_key": "1",
          "schema_version": 0,
          "attributes": {
            "additional_capabilities": [],
            "admin_password": null,
            "admin_ssh_key": [
              {
                "public_key": "ssh-rsa AAAAB3NzaC1yc2EAAAADAQABAAABgQC0Qi14eokqCsi2e8VZf0sXMlclfZiWpGFqjp/bgg7KzUBMqBpsCvOsSgmV4oyvlQubiHylSNOqbq53VguyoRqc2mg5PzDqDKsP0EIuyrMLPGNNBZL8VQMLKc2bCU6SbF2rYYfI1/8Et2gJlBYD8Z4IDqAhh+tBGCUWxN2LUSu+0ZE5qHYUQbk9gnowZvY8rpquJ1yrDLwvyiHgrjqrLDcaLc7vAxMiAO3ui5T0U7pmfaOuKTCq1kd4Vsjen7yM/XO9IqzNWs32dyqhqqbovh0mITd6bEMSDuXUXYbltwMTmBiROmtJH6rzfManBBJwv+PKe+QMl3WIrJ1qM0iqZxI0vzIpPQk8+PRf3agGX/5vH++1MoNCQCjyQwLeLsNbx8o744oAEFkJ21RJu/kyCaYB1e9wBk+ySN5PfTUuYuj/zfZ2Ihd+g37de7j/FlqPfN6mwvx34AMzHB8ubg2ImyBIdirunYsUUr85XDCbpms9UJoAQbzLxqgd4tYDrqnGDms= divya@divyas-mbp.lan\n",
                "username": "n01603642"
              }
            ],
            "admin_username": "n01603642",
            "allow_extension_operations": true,
            "availability_set_id": "/subscriptions/cc5410f6-a653-4888-8148-84d64421a390/resourceGroups/n01603642-rg/providers/Microsoft.Compute/availabilitySets/N01603642-LINUX-AVS",
            "boot_diagnostics": [
              {
                "storage_account_uri": "https://tfstaten01603642sa5272.blob.core.windows.net/"
              }
            ],
            "bypass_platform_safety_checks_on_user_schedule_enabled": false,
            "capacity_reservation_group_id": "",
            "computer_name": "vmlinux-1",
            "custom_data": null,
            "dedicated_host_group_id": "",
            "dedicated_host_id": "",
            "disable_password_authentication": true,
            "edge_zone": "",
            "encryption_at_host_enabled": false,
            "eviction_policy": "",
            "extensions_time_budget": "PT1H30M",
            "gallery_application": [],
            "id": "/subscriptions/cc5410f6-a653-4888-8148-84d64421a390/resourceGroups/n01603642-rg/providers/Microsoft.Compute/virtualMachines/n01603642-linux-1",
            "identity": [],
            "license_type": "",
            "location": "canadacentral",
            "max_bid_price": -1,
            "name": "n01603642-linux-1",
            "network_interface_ids": [
              "/subscriptions/cc5410f6-a653-4888-8148-84d64421a390/resourceGroups/n01603642-rg/providers/Microsoft.Network/networkInterfaces/n01603642-linux-nic-1"
            ],
            "os_disk": [
              {
                "caching": "ReadWrite",
                "diff_disk_settings": [],
                "disk_encryption_set_id": "",
                "disk_size_gb": 32,
                "name": "n01603642-linux-osdisk-1",
                "secure_vm_disk_encryption_set_id": "",
                "security_encryption_type": "",
                "storage_account_type": "Standard_LRS",
                "write_accelerator_enabled": false
              }
            ],
            "patch_assessment_mode": "ImageDefault",
            "patch_mode": "ImageDefault",
            "plan": [],
            "platform_fault_domain": -1,
            "priority": "Regular",
            "private_ip_address": "10.0.0.5",
            "private_ip_addresses": [
              "10.0.0.5"
            ],
            "provision_vm_agent": true,
            "proximity_placement_group_id": "",
            "public_ip_address": "52.233.2.44",
            "public_ip_addresses": [
              "52.233.2.44"
            ],
            "reboot_setting": "",
            "resource_group_name": "n01603642-rg",
            "secret": [],
            "secure_boot_enabled": false,
            "size": "Standard_B1s",
            "source_image_id": "",
            "source_image_reference": [
              {
                "offer": "CentOS",
                "publisher": "OpenLogic",
                "sku": "8_2",
                "version": "latest"
              }
            ],
            "tags": {
              "Assignment": "CCGC 5502 Automation Assignment",
              "Environment": "Learning",
              "ExpirationDate": "2024-12-31",
              "Name": "divya"
            },
            "termination_notification": null,
            "timeouts": null,
            "user_data": "",
            "virtual_machine_id": "bcffedd6-954f-445a-9e91-2793dcac7384",
            "virtual_machine_scale_set_id": "",
            "vtpm_enabled": false,
            "zone": ""
          },
          "sensitive_attributes": [],
          "private": "eyJlMmJmYjczMC1lY2FhLTExZTYtOGY4OC0zNDM2M2JjN2M0YzAiOnsiY3JlYXRlIjoyNzAwMDAwMDAwMDAwLCJkZWxldGUiOjI3MDAwMDAwMDAwMDAsInJlYWQiOjMwMDAwMDAwMDAwMCwidXBkYXRlIjoyNzAwMDAwMDAwMDAwfX0=",
          "dependencies": [
            "module.common-n01603642.azurerm_storage_account.n01603642-sa",
            "module.common-n01603642.random_integer.random_suffix",
            "module.network-n01603642.azurerm_subnet.n01603642-subnet",
            "module.network-n01603642.azurerm_virtual_network.n01603642-vnet",
            "module.rgroup-n01603642.azurerm_resource_group.resource_group",
            "module.vmlinux-n01603642.azurerm_availability_set.n01603642-vmlinux-avs",
            "module.vmlinux-n01603642.azurerm_network_interface.n01603642-vmlinux-nic",
            "module.vmlinux-n01603642.azurerm_public_ip.n01603642-vmlinux-pip"
          ]
        },
        {
          "index_key": "2",
          "schema_version": 0,
          "attributes": {
            "additional_capabilities": [],
            "admin_password": null,
            "admin_ssh_key": [
              {
                "public_key": "ssh-rsa AAAAB3NzaC1yc2EAAAADAQABAAABgQC0Qi14eokqCsi2e8VZf0sXMlclfZiWpGFqjp/bgg7KzUBMqBpsCvOsSgmV4oyvlQubiHylSNOqbq53VguyoRqc2mg5PzDqDKsP0EIuyrMLPGNNBZL8VQMLKc2bCU6SbF2rYYfI1/8Et2gJlBYD8Z4IDqAhh+tBGCUWxN2LUSu+0ZE5qHYUQbk9gnowZvY8rpquJ1yrDLwvyiHgrjqrLDcaLc7vAxMiAO3ui5T0U7pmfaOuKTCq1kd4Vsjen7yM/XO9IqzNWs32dyqhqqbovh0mITd6bEMSDuXUXYbltwMTmBiROmtJH6rzfManBBJwv+PKe+QMl3WIrJ1qM0iqZxI0vzIpPQk8+PRf3agGX/5vH++1MoNCQCjyQwLeLsNbx8o744oAEFkJ21RJu/kyCaYB1e9wBk+ySN5PfTUuYuj/zfZ2Ihd+g37de7j/FlqPfN6mwvx34AMzHB8ubg2ImyBIdirunYsUUr85XDCbpms9UJoAQbzLxqgd4tYDrqnGDms= divya@divyas-mbp.lan\n",
                "username": "n01603642"
              }
            ],
            "admin_username": "n01603642",
            "allow_extension_operations": true,
            "availability_set_id": "/subscriptions/cc5410f6-a653-4888-8148-84d64421a390/resourceGroups/n01603642-rg/providers/Microsoft.Compute/availabilitySets/N01603642-LINUX-AVS",
            "boot_diagnostics": [
              {
                "storage_account_uri": "https://tfstaten01603642sa5272.blob.core.windows.net/"
              }
            ],
            "bypass_platform_safety_checks_on_user_schedule_enabled": false,
            "capacity_reservation_group_id": "",
            "computer_name": "vmlinux-2",
            "custom_data": null,
            "dedicated_host_group_id": "",
            "dedicated_host_id": "",
            "disable_password_authentication": true,
            "edge_zone": "",
            "encryption_at_host_enabled": false,
            "eviction_policy": "",
            "extensions_time_budget": "PT1H30M",
            "gallery_application": [],
            "id": "/subscriptions/cc5410f6-a653-4888-8148-84d64421a390/resourceGroups/n01603642-rg/providers/Microsoft.Compute/virtualMachines/n01603642-linux-2",
            "identity": [],
            "license_type": "",
            "location": "canadacentral",
            "max_bid_price": -1,
            "name": "n01603642-linux-2",
            "network_interface_ids": [
              "/subscriptions/cc5410f6-a653-4888-8148-84d64421a390/resourceGroups/n01603642-rg/providers/Microsoft.Network/networkInterfaces/n01603642-linux-nic-2"
            ],
            "os_disk": [
              {
                "caching": "ReadWrite",
                "diff_disk_settings": [],
                "disk_encryption_set_id": "",
                "disk_size_gb": 32,
                "name": "n01603642-linux-osdisk-2",
                "secure_vm_disk_encryption_set_id": "",
                "security_encryption_type": "",
                "storage_account_type": "Standard_LRS",
                "write_accelerator_enabled": false
              }
            ],
            "patch_assessment_mode": "ImageDefault",
            "patch_mode": "ImageDefault",
            "plan": [],
            "platform_fault_domain": -1,
            "priority": "Regular",
            "private_ip_address": "10.0.0.6",
            "private_ip_addresses": [
              "10.0.0.6"
            ],
            "provision_vm_agent": true,
            "proximity_placement_group_id": "",
            "public_ip_address": "52.233.1.79",
            "public_ip_addresses": [
              "52.233.1.79"
            ],
            "reboot_setting": "",
            "resource_group_name": "n01603642-rg",
            "secret": [],
            "secure_boot_enabled": false,
            "size": "Standard_B1s",
            "source_image_id": "",
            "source_image_reference": [
              {
                "offer": "CentOS",
                "publisher": "OpenLogic",
                "sku": "8_2",
                "version": "latest"
              }
            ],
            "tags": {
              "Assignment": "CCGC 5502 Automation Assignment",
              "Environment": "Learning",
              "ExpirationDate": "2024-12-31",
              "Name": "divya"
            },
            "termination_notification": null,
            "timeouts": null,
            "user_data": "",
            "virtual_machine_id": "ad3f81df-8ee2-44f4-b778-7292da78e4de",
            "virtual_machine_scale_set_id": "",
            "vtpm_enabled": false,
            "zone": ""
          },
          "sensitive_attributes": [],
          "private": "eyJlMmJmYjczMC1lY2FhLTExZTYtOGY4OC0zNDM2M2JjN2M0YzAiOnsiY3JlYXRlIjoyNzAwMDAwMDAwMDAwLCJkZWxldGUiOjI3MDAwMDAwMDAwMDAsInJlYWQiOjMwMDAwMDAwMDAwMCwidXBkYXRlIjoyNzAwMDAwMDAwMDAwfX0=",
          "dependencies": [
            "module.common-n01603642.azurerm_storage_account.n01603642-sa",
            "module.common-n01603642.random_integer.random_suffix",
            "module.network-n01603642.azurerm_subnet.n01603642-subnet",
            "module.network-n01603642.azurerm_virtual_network.n01603642-vnet",
            "module.rgroup-n01603642.azurerm_resource_group.resource_group",
            "module.vmlinux-n01603642.azurerm_availability_set.n01603642-vmlinux-avs",
            "module.vmlinux-n01603642.azurerm_network_interface.n01603642-vmlinux-nic",
            "module.vmlinux-n01603642.azurerm_public_ip.n01603642-vmlinux-pip"
          ]
        },
        {
          "index_key": "3",
          "schema_version": 0,
          "attributes": {
            "additional_capabilities": [],
            "admin_password": null,
            "admin_ssh_key": [
              {
                "public_key": "ssh-rsa AAAAB3NzaC1yc2EAAAADAQABAAABgQC0Qi14eokqCsi2e8VZf0sXMlclfZiWpGFqjp/bgg7KzUBMqBpsCvOsSgmV4oyvlQubiHylSNOqbq53VguyoRqc2mg5PzDqDKsP0EIuyrMLPGNNBZL8VQMLKc2bCU6SbF2rYYfI1/8Et2gJlBYD8Z4IDqAhh+tBGCUWxN2LUSu+0ZE5qHYUQbk9gnowZvY8rpquJ1yrDLwvyiHgrjqrLDcaLc7vAxMiAO3ui5T0U7pmfaOuKTCq1kd4Vsjen7yM/XO9IqzNWs32dyqhqqbovh0mITd6bEMSDuXUXYbltwMTmBiROmtJH6rzfManBBJwv+PKe+QMl3WIrJ1qM0iqZxI0vzIpPQk8+PRf3agGX/5vH++1MoNCQCjyQwLeLsNbx8o744oAEFkJ21RJu/kyCaYB1e9wBk+ySN5PfTUuYuj/zfZ2Ihd+g37de7j/FlqPfN6mwvx34AMzHB8ubg2ImyBIdirunYsUUr85XDCbpms9UJoAQbzLxqgd4tYDrqnGDms= divya@divyas-mbp.lan\n",
                "username": "n01603642"
              }
            ],
            "admin_username": "n01603642",
            "allow_extension_operations": true,
            "availability_set_id": "/subscriptions/cc5410f6-a653-4888-8148-84d64421a390/resourceGroups/n01603642-rg/providers/Microsoft.Compute/availabilitySets/N01603642-LINUX-AVS",
            "boot_diagnostics": [
              {
                "storage_account_uri": "https://tfstaten01603642sa5272.blob.core.windows.net/"
              }
            ],
            "bypass_platform_safety_checks_on_user_schedule_enabled": false,
            "capacity_reservation_group_id": "",
            "computer_name": "vmlinux-3",
            "custom_data": null,
            "dedicated_host_group_id": "",
            "dedicated_host_id": "",
            "disable_password_authentication": true,
            "edge_zone": "",
            "encryption_at_host_enabled": false,
            "eviction_policy": "",
            "extensions_time_budget": "PT1H30M",
            "gallery_application": [],
            "id": "/subscriptions/cc5410f6-a653-4888-8148-84d64421a390/resourceGroups/n01603642-rg/providers/Microsoft.Compute/virtualMachines/n01603642-linux-3",
            "identity": [],
            "license_type": "",
            "location": "canadacentral",
            "max_bid_price": -1,
            "name": "n01603642-linux-3",
            "network_interface_ids": [
              "/subscriptions/cc5410f6-a653-4888-8148-84d64421a390/resourceGroups/n01603642-rg/providers/Microsoft.Network/networkInterfaces/n01603642-linux-nic-3"
            ],
            "os_disk": [
              {
                "caching": "ReadWrite",
                "diff_disk_settings": [],
                "disk_encryption_set_id": "",
                "disk_size_gb": 32,
                "name": "n01603642-linux-osdisk-3",
                "secure_vm_disk_encryption_set_id": "",
                "security_encryption_type": "",
                "storage_account_type": "Standard_LRS",
                "write_accelerator_enabled": false
              }
            ],
            "patch_assessment_mode": "ImageDefault",
            "patch_mode": "ImageDefault",
            "plan": [],
            "platform_fault_domain": -1,
            "priority": "Regular",
            "private_ip_address": "10.0.0.4",
            "private_ip_addresses": [
              "10.0.0.4"
            ],
            "provision_vm_agent": true,
            "proximity_placement_group_id": "",
            "public_ip_address": "52.237.32.100",
            "public_ip_addresses": [
              "52.237.32.100"
            ],
            "reboot_setting": "",
            "resource_group_name": "n01603642-rg",
            "secret": [],
            "secure_boot_enabled": false,
            "size": "Standard_B1s",
            "source_image_id": "",
            "source_image_reference": [
              {
                "offer": "CentOS",
                "publisher": "OpenLogic",
                "sku": "8_2",
                "version": "latest"
              }
            ],
            "tags": {
              "Assignment": "CCGC 5502 Automation Assignment",
              "Environment": "Learning",
              "ExpirationDate": "2024-12-31",
              "Name": "divya"
            },
            "termination_notification": null,
            "timeouts": null,
            "user_data": "",
            "virtual_machine_id": "010939e7-686a-4b6a-9c3b-053b002794b6",
            "virtual_machine_scale_set_id": "",
            "vtpm_enabled": false,
            "zone": ""
          },
          "sensitive_attributes": [],
          "private": "eyJlMmJmYjczMC1lY2FhLTExZTYtOGY4OC0zNDM2M2JjN2M0YzAiOnsiY3JlYXRlIjoyNzAwMDAwMDAwMDAwLCJkZWxldGUiOjI3MDAwMDAwMDAwMDAsInJlYWQiOjMwMDAwMDAwMDAwMCwidXBkYXRlIjoyNzAwMDAwMDAwMDAwfX0=",
          "dependencies": [
            "module.common-n01603642.azurerm_storage_account.n01603642-sa",
            "module.common-n01603642.random_integer.random_suffix",
            "module.network-n01603642.azurerm_subnet.n01603642-subnet",
            "module.network-n01603642.azurerm_virtual_network.n01603642-vnet",
            "module.rgroup-n01603642.azurerm_resource_group.resource_group",
            "module.vmlinux-n01603642.azurerm_availability_set.n01603642-vmlinux-avs",
            "module.vmlinux-n01603642.azurerm_network_interface.n01603642-vmlinux-nic",
            "module.vmlinux-n01603642.azurerm_public_ip.n01603642-vmlinux-pip"
          ]
        }
      ]
    },
    {
      "module": "module.vmlinux-n01603642",
      "mode": "managed",
      "type": "azurerm_network_interface",
      "name": "n01603642-vmlinux-nic",
      "provider": "provider[\"registry.terraform.io/hashicorp/azurerm\"]",
      "instances": [
        {
          "index_key": "1",
          "schema_version": 0,
          "attributes": {
            "applied_dns_servers": [],
            "dns_servers": [],
            "edge_zone": "",
            "enable_accelerated_networking": false,
            "enable_ip_forwarding": false,
            "id": "/subscriptions/cc5410f6-a653-4888-8148-84d64421a390/resourceGroups/n01603642-rg/providers/Microsoft.Network/networkInterfaces/n01603642-linux-nic-1",
            "internal_dns_name_label": "",
            "internal_domain_name_suffix": "lpc4meojniletafsrqdqrzaspd.ux.internal.cloudapp.net",
            "ip_configuration": [
              {
                "gateway_load_balancer_frontend_ip_configuration_id": "",
                "name": "n01603642-linux-ipconfig-1",
                "primary": true,
                "private_ip_address": "10.0.0.5",
                "private_ip_address_allocation": "Dynamic",
                "private_ip_address_version": "IPv4",
                "public_ip_address_id": "/subscriptions/cc5410f6-a653-4888-8148-84d64421a390/resourceGroups/n01603642-rg/providers/Microsoft.Network/publicIPAddresses/n01603642-linux-pip-1",
                "subnet_id": "/subscriptions/cc5410f6-a653-4888-8148-84d64421a390/resourceGroups/n01603642-rg/providers/Microsoft.Network/virtualNetworks/n01603642-vnet/subnets/n01603642-subnet"
              }
            ],
            "location": "canadacentral",
            "mac_address": "",
            "name": "n01603642-linux-nic-1",
            "private_ip_address": "10.0.0.5",
            "private_ip_addresses": [
              "10.0.0.5"
            ],
            "resource_group_name": "n01603642-rg",
            "tags": {
              "Assignment": "CCGC 5502 Automation Assignment",
              "Environment": "Learning",
              "ExpirationDate": "2024-12-31",
              "Name": "divya"
            },
            "timeouts": null,
            "virtual_machine_id": ""
          },
          "sensitive_attributes": [],
          "private": "eyJlMmJmYjczMC1lY2FhLTExZTYtOGY4OC0zNDM2M2JjN2M0YzAiOnsiY3JlYXRlIjoxODAwMDAwMDAwMDAwLCJkZWxldGUiOjE4MDAwMDAwMDAwMDAsInJlYWQiOjMwMDAwMDAwMDAwMCwidXBkYXRlIjoxODAwMDAwMDAwMDAwfX0=",
          "dependencies": [
            "module.common-n01603642.azurerm_storage_account.n01603642-sa",
            "module.common-n01603642.random_integer.random_suffix",
            "module.network-n01603642.azurerm_subnet.n01603642-subnet",
            "module.network-n01603642.azurerm_virtual_network.n01603642-vnet",
            "module.rgroup-n01603642.azurerm_resource_group.resource_group",
            "module.vmlinux-n01603642.azurerm_public_ip.n01603642-vmlinux-pip"
          ]
        },
        {
          "index_key": "2",
          "schema_version": 0,
          "attributes": {
            "applied_dns_servers": [],
            "dns_servers": [],
            "edge_zone": "",
            "enable_accelerated_networking": false,
            "enable_ip_forwarding": false,
            "id": "/subscriptions/cc5410f6-a653-4888-8148-84d64421a390/resourceGroups/n01603642-rg/providers/Microsoft.Network/networkInterfaces/n01603642-linux-nic-2",
            "internal_dns_name_label": "",
            "internal_domain_name_suffix": "lpc4meojniletafsrqdqrzaspd.ux.internal.cloudapp.net",
            "ip_configuration": [
              {
                "gateway_load_balancer_frontend_ip_configuration_id": "",
                "name": "n01603642-linux-ipconfig-2",
                "primary": true,
                "private_ip_address": "10.0.0.6",
                "private_ip_address_allocation": "Dynamic",
                "private_ip_address_version": "IPv4",
                "public_ip_address_id": "/subscriptions/cc5410f6-a653-4888-8148-84d64421a390/resourceGroups/n01603642-rg/providers/Microsoft.Network/publicIPAddresses/n01603642-linux-pip-2",
                "subnet_id": "/subscriptions/cc5410f6-a653-4888-8148-84d64421a390/resourceGroups/n01603642-rg/providers/Microsoft.Network/virtualNetworks/n01603642-vnet/subnets/n01603642-subnet"
              }
            ],
            "location": "canadacentral",
            "mac_address": "",
            "name": "n01603642-linux-nic-2",
            "private_ip_address": "10.0.0.6",
            "private_ip_addresses": [
              "10.0.0.6"
            ],
            "resource_group_name": "n01603642-rg",
            "tags": {
              "Assignment": "CCGC 5502 Automation Assignment",
              "Environment": "Learning",
              "ExpirationDate": "2024-12-31",
              "Name": "divya"
            },
            "timeouts": null,
            "virtual_machine_id": ""
          },
          "sensitive_attributes": [],
          "private": "eyJlMmJmYjczMC1lY2FhLTExZTYtOGY4OC0zNDM2M2JjN2M0YzAiOnsiY3JlYXRlIjoxODAwMDAwMDAwMDAwLCJkZWxldGUiOjE4MDAwMDAwMDAwMDAsInJlYWQiOjMwMDAwMDAwMDAwMCwidXBkYXRlIjoxODAwMDAwMDAwMDAwfX0=",
          "dependencies": [
            "module.common-n01603642.azurerm_storage_account.n01603642-sa",
            "module.common-n01603642.random_integer.random_suffix",
            "module.network-n01603642.azurerm_subnet.n01603642-subnet",
            "module.network-n01603642.azurerm_virtual_network.n01603642-vnet",
            "module.rgroup-n01603642.azurerm_resource_group.resource_group",
            "module.vmlinux-n01603642.azurerm_public_ip.n01603642-vmlinux-pip"
          ]
        },
        {
          "index_key": "3",
          "schema_version": 0,
          "attributes": {
            "applied_dns_servers": [],
            "dns_servers": [],
            "edge_zone": "",
            "enable_accelerated_networking": false,
            "enable_ip_forwarding": false,
            "id": "/subscriptions/cc5410f6-a653-4888-8148-84d64421a390/resourceGroups/n01603642-rg/providers/Microsoft.Network/networkInterfaces/n01603642-linux-nic-3",
            "internal_dns_name_label": "",
            "internal_domain_name_suffix": "lpc4meojniletafsrqdqrzaspd.ux.internal.cloudapp.net",
            "ip_configuration": [
              {
                "gateway_load_balancer_frontend_ip_configuration_id": "",
                "name": "n01603642-linux-ipconfig-3",
                "primary": true,
                "private_ip_address": "10.0.0.4",
                "private_ip_address_allocation": "Dynamic",
                "private_ip_address_version": "IPv4",
                "public_ip_address_id": "/subscriptions/cc5410f6-a653-4888-8148-84d64421a390/resourceGroups/n01603642-rg/providers/Microsoft.Network/publicIPAddresses/n01603642-linux-pip-3",
                "subnet_id": "/subscriptions/cc5410f6-a653-4888-8148-84d64421a390/resourceGroups/n01603642-rg/providers/Microsoft.Network/virtualNetworks/n01603642-vnet/subnets/n01603642-subnet"
              }
            ],
            "location": "canadacentral",
            "mac_address": "",
            "name": "n01603642-linux-nic-3",
            "private_ip_address": "10.0.0.4",
            "private_ip_addresses": [
              "10.0.0.4"
            ],
            "resource_group_name": "n01603642-rg",
            "tags": {
              "Assignment": "CCGC 5502 Automation Assignment",
              "Environment": "Learning",
              "ExpirationDate": "2024-12-31",
              "Name": "divya"
            },
            "timeouts": null,
            "virtual_machine_id": ""
          },
          "sensitive_attributes": [],
          "private": "eyJlMmJmYjczMC1lY2FhLTExZTYtOGY4OC0zNDM2M2JjN2M0YzAiOnsiY3JlYXRlIjoxODAwMDAwMDAwMDAwLCJkZWxldGUiOjE4MDAwMDAwMDAwMDAsInJlYWQiOjMwMDAwMDAwMDAwMCwidXBkYXRlIjoxODAwMDAwMDAwMDAwfX0=",
          "dependencies": [
            "module.common-n01603642.azurerm_storage_account.n01603642-sa",
            "module.common-n01603642.random_integer.random_suffix",
            "module.network-n01603642.azurerm_subnet.n01603642-subnet",
            "module.network-n01603642.azurerm_virtual_network.n01603642-vnet",
            "module.rgroup-n01603642.azurerm_resource_group.resource_group",
            "module.vmlinux-n01603642.azurerm_public_ip.n01603642-vmlinux-pip"
          ]
        }
      ]
    },
    {
      "module": "module.vmlinux-n01603642",
      "mode": "managed",
      "type": "azurerm_public_ip",
      "name": "n01603642-vmlinux-pip",
      "provider": "provider[\"registry.terraform.io/hashicorp/azurerm\"]",
      "instances": [
        {
          "index_key": "1",
          "schema_version": 0,
          "attributes": {
            "allocation_method": "Static",
            "ddos_protection_mode": "VirtualNetworkInherited",
            "ddos_protection_plan_id": null,
            "domain_name_label": "n01603642-linux1",
            "edge_zone": "",
            "fqdn": "n01603642-linux1.canadacentral.cloudapp.azure.com",
            "id": "/subscriptions/cc5410f6-a653-4888-8148-84d64421a390/resourceGroups/n01603642-rg/providers/Microsoft.Network/publicIPAddresses/n01603642-linux-pip-1",
            "idle_timeout_in_minutes": 30,
            "ip_address": "52.233.2.44",
            "ip_tags": null,
            "ip_version": "IPv4",
            "location": "canadacentral",
            "name": "n01603642-linux-pip-1",
            "public_ip_prefix_id": null,
            "resource_group_name": "n01603642-rg",
            "reverse_fqdn": "",
            "sku": "Basic",
            "sku_tier": "Regional",
            "tags": {
              "Assignment": "CCGC 5502 Automation Assignment",
              "Environment": "Learning",
              "ExpirationDate": "2024-12-31",
              "Name": "divya"
            },
            "timeouts": null,
            "zones": null
          },
          "sensitive_attributes": [],
          "private": "eyJlMmJmYjczMC1lY2FhLTExZTYtOGY4OC0zNDM2M2JjN2M0YzAiOnsiY3JlYXRlIjoxODAwMDAwMDAwMDAwLCJkZWxldGUiOjE4MDAwMDAwMDAwMDAsInJlYWQiOjMwMDAwMDAwMDAwMCwidXBkYXRlIjoxODAwMDAwMDAwMDAwfX0=",
          "dependencies": [
            "module.common-n01603642.azurerm_storage_account.n01603642-sa",
            "module.common-n01603642.random_integer.random_suffix",
            "module.rgroup-n01603642.azurerm_resource_group.resource_group"
          ]
        },
        {
          "index_key": "2",
          "schema_version": 0,
          "attributes": {
            "allocation_method": "Static",
            "ddos_protection_mode": "VirtualNetworkInherited",
            "ddos_protection_plan_id": null,
            "domain_name_label": "n01603642-linux2",
            "edge_zone": "",
            "fqdn": "n01603642-linux2.canadacentral.cloudapp.azure.com",
            "id": "/subscriptions/cc5410f6-a653-4888-8148-84d64421a390/resourceGroups/n01603642-rg/providers/Microsoft.Network/publicIPAddresses/n01603642-linux-pip-2",
            "idle_timeout_in_minutes": 30,
            "ip_address": "52.233.1.79",
            "ip_tags": null,
            "ip_version": "IPv4",
            "location": "canadacentral",
            "name": "n01603642-linux-pip-2",
            "public_ip_prefix_id": null,
            "resource_group_name": "n01603642-rg",
            "reverse_fqdn": "",
            "sku": "Basic",
            "sku_tier": "Regional",
            "tags": {
              "Assignment": "CCGC 5502 Automation Assignment",
              "Environment": "Learning",
              "ExpirationDate": "2024-12-31",
              "Name": "divya"
            },
            "timeouts": null,
            "zones": null
          },
          "sensitive_attributes": [],
          "private": "eyJlMmJmYjczMC1lY2FhLTExZTYtOGY4OC0zNDM2M2JjN2M0YzAiOnsiY3JlYXRlIjoxODAwMDAwMDAwMDAwLCJkZWxldGUiOjE4MDAwMDAwMDAwMDAsInJlYWQiOjMwMDAwMDAwMDAwMCwidXBkYXRlIjoxODAwMDAwMDAwMDAwfX0=",
          "dependencies": [
            "module.common-n01603642.azurerm_storage_account.n01603642-sa",
            "module.common-n01603642.random_integer.random_suffix",
            "module.rgroup-n01603642.azurerm_resource_group.resource_group"
          ]
        },
        {
          "index_key": "3",
          "schema_version": 0,
          "attributes": {
            "allocation_method": "Static",
            "ddos_protection_mode": "VirtualNetworkInherited",
            "ddos_protection_plan_id": null,
            "domain_name_label": "n01603642-linux3",
            "edge_zone": "",
            "fqdn": "n01603642-linux3.canadacentral.cloudapp.azure.com",
            "id": "/subscriptions/cc5410f6-a653-4888-8148-84d64421a390/resourceGroups/n01603642-rg/providers/Microsoft.Network/publicIPAddresses/n01603642-linux-pip-3",
            "idle_timeout_in_minutes": 30,
            "ip_address": "52.237.32.100",
            "ip_tags": null,
            "ip_version": "IPv4",
            "location": "canadacentral",
            "name": "n01603642-linux-pip-3",
            "public_ip_prefix_id": null,
            "resource_group_name": "n01603642-rg",
            "reverse_fqdn": "",
            "sku": "Basic",
            "sku_tier": "Regional",
            "tags": {
              "Assignment": "CCGC 5502 Automation Assignment",
              "Environment": "Learning",
              "ExpirationDate": "2024-12-31",
              "Name": "divya"
            },
            "timeouts": null,
            "zones": null
          },
          "sensitive_attributes": [],
          "private": "eyJlMmJmYjczMC1lY2FhLTExZTYtOGY4OC0zNDM2M2JjN2M0YzAiOnsiY3JlYXRlIjoxODAwMDAwMDAwMDAwLCJkZWxldGUiOjE4MDAwMDAwMDAwMDAsInJlYWQiOjMwMDAwMDAwMDAwMCwidXBkYXRlIjoxODAwMDAwMDAwMDAwfX0=",
          "dependencies": [
            "module.common-n01603642.azurerm_storage_account.n01603642-sa",
            "module.common-n01603642.random_integer.random_suffix",
            "module.rgroup-n01603642.azurerm_resource_group.resource_group"
          ]
        }
      ]
    },
    {
      "module": "module.vmlinux-n01603642",
      "mode": "managed",
      "type": "azurerm_virtual_machine_extension",
      "name": "n01603642-vmlinux-network-monitor",
      "provider": "provider[\"registry.terraform.io/hashicorp/azurerm\"]",
      "instances": [
        {
          "index_key": "1",
          "schema_version": 0,
          "attributes": {
            "auto_upgrade_minor_version": true,
            "automatic_upgrade_enabled": false,
            "failure_suppression_enabled": false,
            "id": "/subscriptions/cc5410f6-a653-4888-8148-84d64421a390/resourceGroups/n01603642-rg/providers/Microsoft.Compute/virtualMachines/n01603642-linux-1/extensions/n01603642-linux-azuremonitor-1",
            "name": "n01603642-linux-azuremonitor-1",
            "protected_settings": null,
            "protected_settings_from_key_vault": [],
            "publisher": "Microsoft.Azure.Monitor",
            "settings": "",
            "tags": {
              "Assignment": "CCGC 5502 Automation Assignment",
              "Environment": "Learning",
              "ExpirationDate": "2024-12-31",
              "Name": "divya"
            },
            "timeouts": null,
            "type": "AzureMonitorLinuxAgent",
            "type_handler_version": "1.0",
            "virtual_machine_id": "/subscriptions/cc5410f6-a653-4888-8148-84d64421a390/resourceGroups/n01603642-rg/providers/Microsoft.Compute/virtualMachines/n01603642-linux-1"
          },
          "sensitive_attributes": [],
          "private": "eyJlMmJmYjczMC1lY2FhLTExZTYtOGY4OC0zNDM2M2JjN2M0YzAiOnsiY3JlYXRlIjoxODAwMDAwMDAwMDAwLCJkZWxldGUiOjE4MDAwMDAwMDAwMDAsInJlYWQiOjMwMDAwMDAwMDAwMCwidXBkYXRlIjoxODAwMDAwMDAwMDAwfX0=",
          "dependencies": [
            "module.common-n01603642.azurerm_storage_account.n01603642-sa",
            "module.common-n01603642.random_integer.random_suffix",
            "module.network-n01603642.azurerm_subnet.n01603642-subnet",
            "module.network-n01603642.azurerm_virtual_network.n01603642-vnet",
            "module.rgroup-n01603642.azurerm_resource_group.resource_group",
            "module.vmlinux-n01603642.azurerm_availability_set.n01603642-vmlinux-avs",
            "module.vmlinux-n01603642.azurerm_linux_virtual_machine.n01603642-vmlinux",
            "module.vmlinux-n01603642.azurerm_network_interface.n01603642-vmlinux-nic",
            "module.vmlinux-n01603642.azurerm_public_ip.n01603642-vmlinux-pip"
          ]
        },
        {
          "index_key": "2",
          "schema_version": 0,
          "attributes": {
            "auto_upgrade_minor_version": true,
            "automatic_upgrade_enabled": false,
            "failure_suppression_enabled": false,
            "id": "/subscriptions/cc5410f6-a653-4888-8148-84d64421a390/resourceGroups/n01603642-rg/providers/Microsoft.Compute/virtualMachines/n01603642-linux-2/extensions/n01603642-linux-azuremonitor-2",
            "name": "n01603642-linux-azuremonitor-2",
            "protected_settings": null,
            "protected_settings_from_key_vault": [],
            "publisher": "Microsoft.Azure.Monitor",
            "settings": "",
            "tags": {
              "Assignment": "CCGC 5502 Automation Assignment",
              "Environment": "Learning",
              "ExpirationDate": "2024-12-31",
              "Name": "divya"
            },
            "timeouts": null,
            "type": "AzureMonitorLinuxAgent",
            "type_handler_version": "1.0",
            "virtual_machine_id": "/subscriptions/cc5410f6-a653-4888-8148-84d64421a390/resourceGroups/n01603642-rg/providers/Microsoft.Compute/virtualMachines/n01603642-linux-2"
          },
          "sensitive_attributes": [],
          "private": "eyJlMmJmYjczMC1lY2FhLTExZTYtOGY4OC0zNDM2M2JjN2M0YzAiOnsiY3JlYXRlIjoxODAwMDAwMDAwMDAwLCJkZWxldGUiOjE4MDAwMDAwMDAwMDAsInJlYWQiOjMwMDAwMDAwMDAwMCwidXBkYXRlIjoxODAwMDAwMDAwMDAwfX0=",
          "dependencies": [
            "module.common-n01603642.azurerm_storage_account.n01603642-sa",
            "module.common-n01603642.random_integer.random_suffix",
            "module.network-n01603642.azurerm_subnet.n01603642-subnet",
            "module.network-n01603642.azurerm_virtual_network.n01603642-vnet",
            "module.rgroup-n01603642.azurerm_resource_group.resource_group",
            "module.vmlinux-n01603642.azurerm_availability_set.n01603642-vmlinux-avs",
            "module.vmlinux-n01603642.azurerm_linux_virtual_machine.n01603642-vmlinux",
            "module.vmlinux-n01603642.azurerm_network_interface.n01603642-vmlinux-nic",
            "module.vmlinux-n01603642.azurerm_public_ip.n01603642-vmlinux-pip"
          ]
        },
        {
          "index_key": "3",
          "schema_version": 0,
          "attributes": {
            "auto_upgrade_minor_version": true,
            "automatic_upgrade_enabled": false,
            "failure_suppression_enabled": false,
            "id": "/subscriptions/cc5410f6-a653-4888-8148-84d64421a390/resourceGroups/n01603642-rg/providers/Microsoft.Compute/virtualMachines/n01603642-linux-3/extensions/n01603642-linux-azuremonitor-3",
            "name": "n01603642-linux-azuremonitor-3",
            "protected_settings": null,
            "protected_settings_from_key_vault": [],
            "publisher": "Microsoft.Azure.Monitor",
            "settings": "",
            "tags": {
              "Assignment": "CCGC 5502 Automation Assignment",
              "Environment": "Learning",
              "ExpirationDate": "2024-12-31",
              "Name": "divya"
            },
            "timeouts": null,
            "type": "AzureMonitorLinuxAgent",
            "type_handler_version": "1.0",
            "virtual_machine_id": "/subscriptions/cc5410f6-a653-4888-8148-84d64421a390/resourceGroups/n01603642-rg/providers/Microsoft.Compute/virtualMachines/n01603642-linux-3"
          },
          "sensitive_attributes": [],
          "private": "eyJlMmJmYjczMC1lY2FhLTExZTYtOGY4OC0zNDM2M2JjN2M0YzAiOnsiY3JlYXRlIjoxODAwMDAwMDAwMDAwLCJkZWxldGUiOjE4MDAwMDAwMDAwMDAsInJlYWQiOjMwMDAwMDAwMDAwMCwidXBkYXRlIjoxODAwMDAwMDAwMDAwfX0=",
          "dependencies": [
            "module.common-n01603642.azurerm_storage_account.n01603642-sa",
            "module.common-n01603642.random_integer.random_suffix",
            "module.network-n01603642.azurerm_subnet.n01603642-subnet",
            "module.network-n01603642.azurerm_virtual_network.n01603642-vnet",
            "module.rgroup-n01603642.azurerm_resource_group.resource_group",
            "module.vmlinux-n01603642.azurerm_availability_set.n01603642-vmlinux-avs",
            "module.vmlinux-n01603642.azurerm_linux_virtual_machine.n01603642-vmlinux",
            "module.vmlinux-n01603642.azurerm_network_interface.n01603642-vmlinux-nic",
            "module.vmlinux-n01603642.azurerm_public_ip.n01603642-vmlinux-pip"
          ]
        }
      ]
    },
    {
      "module": "module.vmlinux-n01603642",
      "mode": "managed",
      "type": "azurerm_virtual_machine_extension",
      "name": "n01603642-vmlinux-network-watcher",
      "provider": "provider[\"registry.terraform.io/hashicorp/azurerm\"]",
      "instances": [
        {
          "index_key": "1",
          "schema_version": 0,
          "attributes": {
            "auto_upgrade_minor_version": true,
            "automatic_upgrade_enabled": false,
            "failure_suppression_enabled": false,
            "id": "/subscriptions/cc5410f6-a653-4888-8148-84d64421a390/resourceGroups/n01603642-rg/providers/Microsoft.Compute/virtualMachines/n01603642-linux-1/extensions/n01603642-linux-network-watcher-1",
            "name": "n01603642-linux-network-watcher-1",
            "protected_settings": null,
            "protected_settings_from_key_vault": [],
            "publisher": "Microsoft.Azure.NetworkWatcher",
            "settings": "",
            "tags": {
              "Assignment": "CCGC 5502 Automation Assignment",
              "Environment": "Learning",
              "ExpirationDate": "2024-12-31",
              "Name": "divya"
            },
            "timeouts": null,
            "type": "NetworkWatcherAgentLinux",
            "type_handler_version": "1.0",
            "virtual_machine_id": "/subscriptions/cc5410f6-a653-4888-8148-84d64421a390/resourceGroups/n01603642-rg/providers/Microsoft.Compute/virtualMachines/n01603642-linux-1"
          },
          "sensitive_attributes": [],
          "private": "eyJlMmJmYjczMC1lY2FhLTExZTYtOGY4OC0zNDM2M2JjN2M0YzAiOnsiY3JlYXRlIjoxODAwMDAwMDAwMDAwLCJkZWxldGUiOjE4MDAwMDAwMDAwMDAsInJlYWQiOjMwMDAwMDAwMDAwMCwidXBkYXRlIjoxODAwMDAwMDAwMDAwfX0=",
          "dependencies": [
            "module.common-n01603642.azurerm_storage_account.n01603642-sa",
            "module.common-n01603642.random_integer.random_suffix",
            "module.network-n01603642.azurerm_subnet.n01603642-subnet",
            "module.network-n01603642.azurerm_virtual_network.n01603642-vnet",
            "module.rgroup-n01603642.azurerm_resource_group.resource_group",
            "module.vmlinux-n01603642.azurerm_availability_set.n01603642-vmlinux-avs",
            "module.vmlinux-n01603642.azurerm_linux_virtual_machine.n01603642-vmlinux",
            "module.vmlinux-n01603642.azurerm_network_interface.n01603642-vmlinux-nic",
            "module.vmlinux-n01603642.azurerm_public_ip.n01603642-vmlinux-pip"
          ]
        },
        {
          "index_key": "2",
          "schema_version": 0,
          "attributes": {
            "auto_upgrade_minor_version": true,
            "automatic_upgrade_enabled": false,
            "failure_suppression_enabled": false,
            "id": "/subscriptions/cc5410f6-a653-4888-8148-84d64421a390/resourceGroups/n01603642-rg/providers/Microsoft.Compute/virtualMachines/n01603642-linux-2/extensions/n01603642-linux-network-watcher-2",
            "name": "n01603642-linux-network-watcher-2",
            "protected_settings": null,
            "protected_settings_from_key_vault": [],
            "publisher": "Microsoft.Azure.NetworkWatcher",
            "settings": "",
            "tags": {
              "Assignment": "CCGC 5502 Automation Assignment",
              "Environment": "Learning",
              "ExpirationDate": "2024-12-31",
              "Name": "divya"
            },
            "timeouts": null,
            "type": "NetworkWatcherAgentLinux",
            "type_handler_version": "1.0",
            "virtual_machine_id": "/subscriptions/cc5410f6-a653-4888-8148-84d64421a390/resourceGroups/n01603642-rg/providers/Microsoft.Compute/virtualMachines/n01603642-linux-2"
          },
          "sensitive_attributes": [],
          "private": "eyJlMmJmYjczMC1lY2FhLTExZTYtOGY4OC0zNDM2M2JjN2M0YzAiOnsiY3JlYXRlIjoxODAwMDAwMDAwMDAwLCJkZWxldGUiOjE4MDAwMDAwMDAwMDAsInJlYWQiOjMwMDAwMDAwMDAwMCwidXBkYXRlIjoxODAwMDAwMDAwMDAwfX0=",
          "dependencies": [
            "module.common-n01603642.azurerm_storage_account.n01603642-sa",
            "module.common-n01603642.random_integer.random_suffix",
            "module.network-n01603642.azurerm_subnet.n01603642-subnet",
            "module.network-n01603642.azurerm_virtual_network.n01603642-vnet",
            "module.rgroup-n01603642.azurerm_resource_group.resource_group",
            "module.vmlinux-n01603642.azurerm_availability_set.n01603642-vmlinux-avs",
            "module.vmlinux-n01603642.azurerm_linux_virtual_machine.n01603642-vmlinux",
            "module.vmlinux-n01603642.azurerm_network_interface.n01603642-vmlinux-nic",
            "module.vmlinux-n01603642.azurerm_public_ip.n01603642-vmlinux-pip"
          ]
        },
        {
          "index_key": "3",
          "schema_version": 0,
          "attributes": {
            "auto_upgrade_minor_version": true,
            "automatic_upgrade_enabled": false,
            "failure_suppression_enabled": false,
            "id": "/subscriptions/cc5410f6-a653-4888-8148-84d64421a390/resourceGroups/n01603642-rg/providers/Microsoft.Compute/virtualMachines/n01603642-linux-3/extensions/n01603642-linux-network-watcher-3",
            "name": "n01603642-linux-network-watcher-3",
            "protected_settings": null,
            "protected_settings_from_key_vault": [],
            "publisher": "Microsoft.Azure.NetworkWatcher",
            "settings": "",
            "tags": {
              "Assignment": "CCGC 5502 Automation Assignment",
              "Environment": "Learning",
              "ExpirationDate": "2024-12-31",
              "Name": "divya"
            },
            "timeouts": null,
            "type": "NetworkWatcherAgentLinux",
            "type_handler_version": "1.0",
            "virtual_machine_id": "/subscriptions/cc5410f6-a653-4888-8148-84d64421a390/resourceGroups/n01603642-rg/providers/Microsoft.Compute/virtualMachines/n01603642-linux-3"
          },
          "sensitive_attributes": [],
          "private": "eyJlMmJmYjczMC1lY2FhLTExZTYtOGY4OC0zNDM2M2JjN2M0YzAiOnsiY3JlYXRlIjoxODAwMDAwMDAwMDAwLCJkZWxldGUiOjE4MDAwMDAwMDAwMDAsInJlYWQiOjMwMDAwMDAwMDAwMCwidXBkYXRlIjoxODAwMDAwMDAwMDAwfX0=",
          "dependencies": [
            "module.common-n01603642.azurerm_storage_account.n01603642-sa",
            "module.common-n01603642.random_integer.random_suffix",
            "module.network-n01603642.azurerm_subnet.n01603642-subnet",
            "module.network-n01603642.azurerm_virtual_network.n01603642-vnet",
            "module.rgroup-n01603642.azurerm_resource_group.resource_group",
            "module.vmlinux-n01603642.azurerm_availability_set.n01603642-vmlinux-avs",
            "module.vmlinux-n01603642.azurerm_linux_virtual_machine.n01603642-vmlinux",
            "module.vmlinux-n01603642.azurerm_network_interface.n01603642-vmlinux-nic",
            "module.vmlinux-n01603642.azurerm_public_ip.n01603642-vmlinux-pip"
          ]
        }
      ]
    },
    {
      "module": "module.vmlinux-n01603642",
      "mode": "managed",
      "type": "null_resource",
      "name": "vmlinux-provisioner-linux",
      "provider": "provider[\"registry.terraform.io/hashicorp/null\"]",
      "instances": [
        {
          "index_key": "1",
          "schema_version": 0,
          "attributes": {
            "id": "4830004809891061447",
            "triggers": null
          },
          "sensitive_attributes": [],
          "dependencies": [
            "module.common-n01603642.azurerm_storage_account.n01603642-sa",
            "module.common-n01603642.random_integer.random_suffix",
            "module.network-n01603642.azurerm_subnet.n01603642-subnet",
            "module.network-n01603642.azurerm_virtual_network.n01603642-vnet",
            "module.rgroup-n01603642.azurerm_resource_group.resource_group",
            "module.vmlinux-n01603642.azurerm_availability_set.n01603642-vmlinux-avs",
            "module.vmlinux-n01603642.azurerm_linux_virtual_machine.n01603642-vmlinux",
            "module.vmlinux-n01603642.azurerm_network_interface.n01603642-vmlinux-nic",
            "module.vmlinux-n01603642.azurerm_public_ip.n01603642-vmlinux-pip"
          ]
        },
        {
          "index_key": "2",
          "schema_version": 0,
          "attributes": {
            "id": "2678606236254129007",
            "triggers": null
          },
          "sensitive_attributes": [],
          "dependencies": [
            "module.common-n01603642.azurerm_storage_account.n01603642-sa",
            "module.common-n01603642.random_integer.random_suffix",
            "module.network-n01603642.azurerm_subnet.n01603642-subnet",
            "module.network-n01603642.azurerm_virtual_network.n01603642-vnet",
            "module.rgroup-n01603642.azurerm_resource_group.resource_group",
            "module.vmlinux-n01603642.azurerm_availability_set.n01603642-vmlinux-avs",
            "module.vmlinux-n01603642.azurerm_linux_virtual_machine.n01603642-vmlinux",
            "module.vmlinux-n01603642.azurerm_network_interface.n01603642-vmlinux-nic",
            "module.vmlinux-n01603642.azurerm_public_ip.n01603642-vmlinux-pip"
          ]
        },
        {
          "index_key": "3",
          "schema_version": 0,
          "attributes": {
            "id": "827527693425490679",
            "triggers": null
          },
          "sensitive_attributes": [],
          "dependencies": [
            "module.common-n01603642.azurerm_storage_account.n01603642-sa",
            "module.common-n01603642.random_integer.random_suffix",
            "module.network-n01603642.azurerm_subnet.n01603642-subnet",
            "module.network-n01603642.azurerm_virtual_network.n01603642-vnet",
            "module.rgroup-n01603642.azurerm_resource_group.resource_group",
            "module.vmlinux-n01603642.azurerm_availability_set.n01603642-vmlinux-avs",
            "module.vmlinux-n01603642.azurerm_linux_virtual_machine.n01603642-vmlinux",
            "module.vmlinux-n01603642.azurerm_network_interface.n01603642-vmlinux-nic",
            "module.vmlinux-n01603642.azurerm_public_ip.n01603642-vmlinux-pip"
          ]
        }
      ]
    }
  ],
  "check_results": null
}
